<?xml version="1.0" encoding="utf-8"?>
<Project ToolsVersion="4.0" xmlns="http://schemas.microsoft.com/developer/msbuild/2003">
  <ItemGroup>
    <ClInclude Include="BvDebug.h" />
    <ClInclude Include="Container\BvString.h" />
    <ClInclude Include="Utils\BvUtils.h" />
    <ClInclude Include="Utils\BvEnum.h" />
    <ClInclude Include="Utils\BvTimer.h" />
    <ClInclude Include="Container\BvVector.h" />
    <ClInclude Include="Container\BvIterator.h" />
    <ClInclude Include="System\Memory\BvMemory.h" />
    <ClInclude Include="System\File\BvFile.h" />
    <ClInclude Include="System\Threading\BvFiber.h" />
    <ClInclude Include="System\Threading\BvProcess.h" />
    <ClInclude Include="System\Threading\BvSync.h" />
    <ClInclude Include="System\Threading\BvThread.h" />
    <ClInclude Include="System\JobSystem\BvJobSystem.h" />
    <ClInclude Include="BvPlatform.h" />
    <ClInclude Include="Utils\Hash.h" />
    <ClInclude Include="Container\BvRobinMap.h" />
    <ClInclude Include="Container\BvFixedVector.h" />
    <ClInclude Include="Utils\CallbackDispatcher.h" />
    <ClInclude Include="System\Window\BvNativeWindow.h" />
    <ClInclude Include="System\Threading\BvAtomic.h" />
    <ClInclude Include="System\File\BvAsyncFile.h" />
    <ClInclude Include="System\File\BvFileSystem.h" />
    <ClInclude Include="System\Library\BvSharedLib.h" />
  </ItemGroup>
  <ItemGroup>
    <ClCompile Include="Container\BvString.cpp" />
    <ClCompile Include="Utils\BvTimer.cpp" />
    <ClCompile Include="System\Memory\BvMemory.cpp" />
    <ClCompile Include="System\File\Win32\BvFileWin32.cpp" />
    <ClCompile Include="System\Threading\Win32\BvSyncWin32.cpp" />
    <ClCompile Include="System\Threading\Win32\BvFiberWin32.cpp" />
    <ClCompile Include="System\Threading\Win32\BvThreadWin32.cpp" />
    <ClCompile Include="System\Threading\Win32\BvProcessWin32.cpp" />
    <ClCompile Include="System\JobSystem\BvJobSystem.cpp" />
    <ClCompile Include="Utils\Hash.cpp" />
    <ClCompile Include="System\Window\Win32\BvNativeWindowWin32.cpp" />
    <ClCompile Include="System\Threading\Win32\BvAtomicWin32.cpp" />
    <ClCompile Include="System\File\Win32\BvAsyncFileWin32.cpp" />
    <ClCompile Include="System\File\Win32\BvFileSystemWin32.cpp" />
    <ClCompile Include="System\Library\Win32\BvSharedLibWin32.cpp" />
  </ItemGroup>
</Project>