<?xml version="1.0" encoding="utf-8"?>
<Project ToolsVersion="4.0" xmlns="http://schemas.microsoft.com/developer/msbuild/2003">
  <ItemGroup>
    <ClInclude Include="Container\BvString.h" />
    <ClInclude Include="Utils\BvUtils.h" />
    <ClInclude Include="Utils\BvEnum.h" />
    <ClInclude Include="Utils\BvTimer.h" />
    <ClInclude Include="Container\BvVector.h" />
    <ClInclude Include="Container\BvIterator.h" />
    <ClInclude Include="System\Memory\BvMemory.h" />
    <ClInclude Include="System\File\BvFile.h" />
    <ClInclude Include="System\Threading\BvFiber.h" />
    <ClInclude Include="System\Threading\BvProcess.h" />
    <ClInclude Include="System\Threading\BvSync.h" />
    <ClInclude Include="System\Threading\BvThread.h" />
    <ClInclude Include="System\JobSystem\BvJobSystem.h" />
    <ClInclude Include="Utils\Hash.h" />
    <ClInclude Include="Container\BvRobinMap.h" />
    <ClInclude Include="Container\BvFixedVector.h" />
    <ClInclude Include="System\Window\BvNativeWindow.h" />
    <ClInclude Include="System\File\BvAsyncFile.h" />
    <ClInclude Include="System\File\BvFileSystem.h" />
    <ClInclude Include="System\Library\BvSharedLib.h" />
    <ClInclude Include="System\JobSystem\BvJob.h" />
    <ClInclude Include="System\Threading\Win32\BvSyncWin32.h" />
    <ClInclude Include="BvCore.h" />
    <ClInclude Include="System\Threading\Win32\BvFiberWin32.h" />
    <ClInclude Include="System\Threading\Win32\BvThreadWin32.h" />
    <ClInclude Include="System\Threading\Win32\BvProcessWin32.h" />
    <ClInclude Include="System\Window\Win32\BvNativeWindowWin32.h" />
    <ClInclude Include="System\Library\Win32\BvSharedLibWin32.h" />
    <ClInclude Include="System\File\Win32\BvFileSystemWin32.h" />
    <ClInclude Include="System\File\Win32\BvFileWin32.h" />
    <ClInclude Include="System\File\Win32\BvAsyncFileWin32.h" />
    <ClInclude Include="Utils\BvDelegate.h" />
    <ClInclude Include="Utils\BvDebug.h" />
    <ClInclude Include="Utils\Win32\BvDebugWin32.h" />
    <ClInclude Include="System\Input\BvKeyboard.h" />
    <ClInclude Include="Utils\RTTI.h" />
    <ClInclude Include="System\Memory\Allocators\BvHeapAllocator.h" />
    <ClInclude Include="System\Memory\Allocators\BvLinearAllocator.h" />
    <ClInclude Include="System\Memory\Allocators\BvStackAllocator.h" />
    <ClInclude Include="System\Memory\Allocators\BvDefaultAllocator.h" />
    <ClInclude Include="System\Memory\Allocators\BvPoolAllocator.h" />
    <ClInclude Include="System\Memory\Utilities\BvBoundsChecker.h" />
    <ClInclude Include="System\Memory\Utilities\BvMemoryMarker.h" />
    <ClInclude Include="System\Memory\Utilities\BvMemoryTracker.h" />
    <ClInclude Include="System\Memory\BvAlloc.h" />
    <ClInclude Include="System\Memory\Win32\BvAllocWin32.h" />
    <ClInclude Include="System\Memory\BvMemoryCommon.h" />
    <ClInclude Include="System\File\BvMemoryFile.h" />
    <ClInclude Include="System\File\BvPath.h" />
    <ClInclude Include="System\File\BvFileCommon.h" />
    <ClInclude Include="System\File\Win32\BvFileUtilsWin32.h" />
  </ItemGroup>
  <ItemGroup>
    <ClCompile Include="Utils\BvTimer.cpp" />
    <ClCompile Include="System\Memory\BvMemory.cpp" />
    <ClCompile Include="System\File\Win32\BvFileWin32.cpp" />
    <ClCompile Include="System\Threading\Win32\BvSyncWin32.cpp" />
    <ClCompile Include="System\Threading\Win32\BvFiberWin32.cpp" />
    <ClCompile Include="System\Threading\Win32\BvThreadWin32.cpp" />
    <ClCompile Include="System\Threading\Win32\BvProcessWin32.cpp" />
    <ClCompile Include="System\JobSystem\BvJobSystem.cpp" />
    <ClCompile Include="System\Window\Win32\BvNativeWindowWin32.cpp" />
    <ClCompile Include="System\File\Win32\BvAsyncFileWin32.cpp" />
    <ClCompile Include="System\File\Win32\BvFileSystemWin32.cpp" />
    <ClCompile Include="System\Library\Win32\BvSharedLibWin32.cpp" />
    <ClCompile Include="Utils\Win32\BvDebugWin32.cpp" />
    <ClCompile Include="System\Input\BvKeyboard.cpp" />
    <ClCompile Include="System\Memory\Allocators\BvHeapAllocator.cpp" />
    <ClCompile Include="System\Memory\Allocators\BvLinearAllocator.cpp" />
    <ClCompile Include="System\Memory\Allocators\BvStackAllocator.cpp" />
    <ClCompile Include="System\Memory\Allocators\BvDefaultAllocator.cpp" />
    <ClCompile Include="System\Memory\Allocators\BvPoolAllocator.cpp" />
    <ClCompile Include="System\Memory\Utilities\BvBoundsChecker.cpp" />
    <ClCompile Include="System\Memory\Utilities\BvMemoryMarker.cpp" />
    <ClCompile Include="System\Memory\Utilities\BvMemoryTracker.cpp" />
    <ClCompile Include="System\Memory\Win32\BvAllocWin32.cpp" />
    <ClCompile Include="System\File\BvMemoryFile.cpp" />
    <ClCompile Include="System\File\Win32\BvPathWin32.cpp" />
    <ClCompile Include="System\File\Win32\BvFileUtilsWin32.cpp" />
  </ItemGroup>
  <ItemGroup>
    <Natvis Include="BvCore.natvis" />
  </ItemGroup>
</Project>