
Microsoft Visual Studio Solution File, Format Version 12.00
# Visual Studio Version 17
VisualStudioVersion = 17.1.32328.378
MinimumVisualStudioVersion = 10.0.40219.1
Project("{2150E333-8FDC-42A3-9474-1A3956D46DE8}") = "Plugins", "Plugins", "{6798900F-BE48-4C45-B717-5424E566EBDE}"
EndProject
Project("{2150E333-8FDC-42A3-9474-1A3956D46DE8}") = "Tests", "Tests", "{A05CC045-210C-4430-8F9E-0393F480A80C}"
EndProject
Project("{8BC9CEB8-8B4A-11D0-8D11-00A0C91BC942}") = "CoreTests", "TestProjects\CoreTests\CoreTests.vcxproj", "{0BB739ED-8DD5-41E0-A2A1-D92ED244A8A0}"
EndProject
Project("{2150E333-8FDC-42A3-9474-1A3956D46DE8}") = "Solution Items", "Solution Items", "{191D5239-A9D6-411E-9FCF-4CC81CDB2991}"
	ProjectSection(SolutionItems) = preProject
		cpp.hint = cpp.hint
	EndProjectSection
EndProject
Project("{8BC9CEB8-8B4A-11D0-8D11-00A0C91BC942}") = "RenderTest", "TestProjects\RenderTest\RenderTest.vcxproj", "{9656E7A6-CF09-46DB-8C47-1A3BC869DAE3}"
EndProject
Project("{8BC9CEB8-8B4A-11D0-8D11-00A0C91BC942}") = "BvRenderTools", "BvRenderTools\BvRenderTools.vcxproj", "{7519E997-2DB6-482C-ABEA-9080ED3F2B88}"
EndProject
Project("{2150E333-8FDC-42A3-9474-1A3956D46DE8}") = "Tools", "Tools", "{3EE5D293-4722-4A9D-B2B7-CBE48818BB6E}"
EndProject
Project("{8BC9CEB8-8B4A-11D0-8D11-00A0C91BC942}") = "BvReflector", "BvReflector\BvReflector.vcxproj", "{20A3F3D1-5600-49FE-81CC-D12D05A841C0}"
EndProject
Project("{2150E333-8FDC-42A3-9474-1A3956D46DE8}") = "BDeV", "BDeV", "{D637E2C6-8296-4D56-9DE6-3803A3814934}"
EndProject
Project("{8BC9CEB8-8B4A-11D0-8D11-00A0C91BC942}") = "BDeV", "BDeV\BDeV.vcxproj", "{5ABFC153-E6BD-4F67-BFA0-F123CA883B95}"
EndProject
Project("{8BC9CEB8-8B4A-11D0-8D11-00A0C91BC942}") = "BvRenderGL", "BvRenderGL\BvRenderGL.vcxproj", "{E70917FD-0339-4E6E-A99B-4D5248DD8D5C}"
EndProject
Project("{8BC9CEB8-8B4A-11D0-8D11-00A0C91BC942}") = "BvRenderVk", "BvRenderVk\BvRenderVk.vcxproj", "{F9C85BB6-DC1E-4F09-917A-DF6A3A671503}"
EndProject
Project("{2150E333-8FDC-42A3-9474-1A3956D46DE8}") = "Samples", "Samples", "{451FA851-20FF-4EE9-8C5D-F90C299E3208}"
EndProject
Project("{2150E333-8FDC-42A3-9474-1A3956D46DE8}") = "Render API", "Render API", "{D95F5DFF-E6F2-4CAA-A2B8-67207015B116}"
EndProject
Project("{8BC9CEB8-8B4A-11D0-8D11-00A0C91BC942}") = "RenderAPISampleBase", "Samples\Render API\RenderAPISampleBase\RenderAPISampleBase.vcxproj", "{1635B7F2-E8F2-434D-AE96-F65538EF9D7C}"
EndProject
Project("{8BC9CEB8-8B4A-11D0-8D11-00A0C91BC942}") = "01 - Triangle", "Samples\Render API\01 - Triangle\01 - Triangle.vcxproj", "{66BF6FE7-60C0-469D-8C13-B2D0FFC90625}"
EndProject
Global
	GlobalSection(SolutionConfigurationPlatforms) = preSolution
		Debug|x64 = Debug|x64
		Debug|x86 = Debug|x86
		Release|x64 = Release|x64
		Release|x86 = Release|x86
	EndGlobalSection
	GlobalSection(ProjectConfigurationPlatforms) = postSolution
		{0BB739ED-8DD5-41E0-A2A1-D92ED244A8A0}.Debug|x64.ActiveCfg = Debug|x64
		{0BB739ED-8DD5-41E0-A2A1-D92ED244A8A0}.Debug|x64.Build.0 = Debug|x64
		{0BB739ED-8DD5-41E0-A2A1-D92ED244A8A0}.Debug|x86.ActiveCfg = Debug|x64
		{0BB739ED-8DD5-41E0-A2A1-D92ED244A8A0}.Debug|x86.Build.0 = Debug|x64
		{0BB739ED-8DD5-41E0-A2A1-D92ED244A8A0}.Release|x64.ActiveCfg = Release|x64
		{0BB739ED-8DD5-41E0-A2A1-D92ED244A8A0}.Release|x64.Build.0 = Release|x64
		{0BB739ED-8DD5-41E0-A2A1-D92ED244A8A0}.Release|x86.ActiveCfg = Release|x64
		{0BB739ED-8DD5-41E0-A2A1-D92ED244A8A0}.Release|x86.Build.0 = Release|x64
		{9656E7A6-CF09-46DB-8C47-1A3BC869DAE3}.Debug|x64.ActiveCfg = Debug|x64
		{9656E7A6-CF09-46DB-8C47-1A3BC869DAE3}.Debug|x64.Build.0 = Debug|x64
		{9656E7A6-CF09-46DB-8C47-1A3BC869DAE3}.Debug|x86.ActiveCfg = Debug|x64
		{9656E7A6-CF09-46DB-8C47-1A3BC869DAE3}.Debug|x86.Build.0 = Debug|x64
		{9656E7A6-CF09-46DB-8C47-1A3BC869DAE3}.Release|x64.ActiveCfg = Release|x64
		{9656E7A6-CF09-46DB-8C47-1A3BC869DAE3}.Release|x64.Build.0 = Release|x64
		{9656E7A6-CF09-46DB-8C47-1A3BC869DAE3}.Release|x86.ActiveCfg = Release|x64
		{9656E7A6-CF09-46DB-8C47-1A3BC869DAE3}.Release|x86.Build.0 = Release|x64
		{7519E997-2DB6-482C-ABEA-9080ED3F2B88}.Debug|x64.ActiveCfg = Debug|x64
		{7519E997-2DB6-482C-ABEA-9080ED3F2B88}.Debug|x64.Build.0 = Debug|x64
		{7519E997-2DB6-482C-ABEA-9080ED3F2B88}.Debug|x86.ActiveCfg = Debug|x64
		{7519E997-2DB6-482C-ABEA-9080ED3F2B88}.Debug|x86.Build.0 = Debug|x64
		{7519E997-2DB6-482C-ABEA-9080ED3F2B88}.Release|x64.ActiveCfg = Release|x64
		{7519E997-2DB6-482C-ABEA-9080ED3F2B88}.Release|x64.Build.0 = Release|x64
		{7519E997-2DB6-482C-ABEA-9080ED3F2B88}.Release|x86.ActiveCfg = Release|x64
		{7519E997-2DB6-482C-ABEA-9080ED3F2B88}.Release|x86.Build.0 = Release|x64
		{20A3F3D1-5600-49FE-81CC-D12D05A841C0}.Debug|x64.ActiveCfg = Debug|x64
		{20A3F3D1-5600-49FE-81CC-D12D05A841C0}.Debug|x64.Build.0 = Debug|x64
		{20A3F3D1-5600-49FE-81CC-D12D05A841C0}.Debug|x86.ActiveCfg = Debug|x64
		{20A3F3D1-5600-49FE-81CC-D12D05A841C0}.Debug|x86.Build.0 = Debug|x64
		{20A3F3D1-5600-49FE-81CC-D12D05A841C0}.Release|x64.ActiveCfg = Release|x64
		{20A3F3D1-5600-49FE-81CC-D12D05A841C0}.Release|x64.Build.0 = Release|x64
		{20A3F3D1-5600-49FE-81CC-D12D05A841C0}.Release|x86.ActiveCfg = Release|x64
		{20A3F3D1-5600-49FE-81CC-D12D05A841C0}.Release|x86.Build.0 = Release|x64
		{5ABFC153-E6BD-4F67-BFA0-F123CA883B95}.Debug|x64.ActiveCfg = Debug|x64
		{5ABFC153-E6BD-4F67-BFA0-F123CA883B95}.Debug|x64.Build.0 = Debug|x64
		{5ABFC153-E6BD-4F67-BFA0-F123CA883B95}.Debug|x86.ActiveCfg = Debug|x64
		{5ABFC153-E6BD-4F67-BFA0-F123CA883B95}.Debug|x86.Build.0 = Debug|x64
		{5ABFC153-E6BD-4F67-BFA0-F123CA883B95}.Release|x64.ActiveCfg = Release|x64
		{5ABFC153-E6BD-4F67-BFA0-F123CA883B95}.Release|x64.Build.0 = Release|x64
		{5ABFC153-E6BD-4F67-BFA0-F123CA883B95}.Release|x86.ActiveCfg = Release|x64
		{5ABFC153-E6BD-4F67-BFA0-F123CA883B95}.Release|x86.Build.0 = Release|x64
		{E70917FD-0339-4E6E-A99B-4D5248DD8D5C}.Debug|x64.ActiveCfg = Debug|x64
		{E70917FD-0339-4E6E-A99B-4D5248DD8D5C}.Debug|x64.Build.0 = Debug|x64
		{E70917FD-0339-4E6E-A99B-4D5248DD8D5C}.Debug|x86.ActiveCfg = Debug|x64
		{E70917FD-0339-4E6E-A99B-4D5248DD8D5C}.Debug|x86.Build.0 = Debug|x64
		{E70917FD-0339-4E6E-A99B-4D5248DD8D5C}.Release|x64.ActiveCfg = Release|x64
		{E70917FD-0339-4E6E-A99B-4D5248DD8D5C}.Release|x64.Build.0 = Release|x64
		{E70917FD-0339-4E6E-A99B-4D5248DD8D5C}.Release|x86.ActiveCfg = Release|x64
		{E70917FD-0339-4E6E-A99B-4D5248DD8D5C}.Release|x86.Build.0 = Release|x64
		{F9C85BB6-DC1E-4F09-917A-DF6A3A671503}.Debug|x64.ActiveCfg = Debug|x64
		{F9C85BB6-DC1E-4F09-917A-DF6A3A671503}.Debug|x64.Build.0 = Debug|x64
		{F9C85BB6-DC1E-4F09-917A-DF6A3A671503}.Debug|x86.ActiveCfg = Debug|x64
		{F9C85BB6-DC1E-4F09-917A-DF6A3A671503}.Debug|x86.Build.0 = Debug|x64
		{F9C85BB6-DC1E-4F09-917A-DF6A3A671503}.Release|x64.ActiveCfg = Release|x64
		{F9C85BB6-DC1E-4F09-917A-DF6A3A671503}.Release|x64.Build.0 = Release|x64
		{F9C85BB6-DC1E-4F09-917A-DF6A3A671503}.Release|x86.ActiveCfg = Release|x64
		{F9C85BB6-DC1E-4F09-917A-DF6A3A671503}.Release|x86.Build.0 = Release|x64
		{1635B7F2-E8F2-434D-AE96-F65538EF9D7C}.Debug|x64.ActiveCfg = Debug|x64
		{1635B7F2-E8F2-434D-AE96-F65538EF9D7C}.Debug|x64.Build.0 = Debug|x64
		{1635B7F2-E8F2-434D-AE96-F65538EF9D7C}.Debug|x86.ActiveCfg = Debug|Win32
		{1635B7F2-E8F2-434D-AE96-F65538EF9D7C}.Debug|x86.Build.0 = Debug|Win32
		{1635B7F2-E8F2-434D-AE96-F65538EF9D7C}.Release|x64.ActiveCfg = Release|x64
		{1635B7F2-E8F2-434D-AE96-F65538EF9D7C}.Release|x64.Build.0 = Release|x64
		{1635B7F2-E8F2-434D-AE96-F65538EF9D7C}.Release|x86.ActiveCfg = Release|Win32
		{1635B7F2-E8F2-434D-AE96-F65538EF9D7C}.Release|x86.Build.0 = Release|Win32
		{66BF6FE7-60C0-469D-8C13-B2D0FFC90625}.Debug|x64.ActiveCfg = Debug|x64
		{66BF6FE7-60C0-469D-8C13-B2D0FFC90625}.Debug|x64.Build.0 = Debug|x64
		{66BF6FE7-60C0-469D-8C13-B2D0FFC90625}.Debug|x86.ActiveCfg = Debug|Win32
		{66BF6FE7-60C0-469D-8C13-B2D0FFC90625}.Debug|x86.Build.0 = Debug|Win32
		{66BF6FE7-60C0-469D-8C13-B2D0FFC90625}.Release|x64.ActiveCfg = Release|x64
		{66BF6FE7-60C0-469D-8C13-B2D0FFC90625}.Release|x64.Build.0 = Release|x64
		{66BF6FE7-60C0-469D-8C13-B2D0FFC90625}.Release|x86.ActiveCfg = Release|Win32
		{66BF6FE7-60C0-469D-8C13-B2D0FFC90625}.Release|x86.Build.0 = Release|Win32
	EndGlobalSection
	GlobalSection(SolutionProperties) = preSolution
		HideSolutionNode = FALSE
	EndGlobalSection
	GlobalSection(NestedProjects) = preSolution
		{0BB739ED-8DD5-41E0-A2A1-D92ED244A8A0} = {A05CC045-210C-4430-8F9E-0393F480A80C}
		{9656E7A6-CF09-46DB-8C47-1A3BC869DAE3} = {A05CC045-210C-4430-8F9E-0393F480A80C}
		{7519E997-2DB6-482C-ABEA-9080ED3F2B88} = {6798900F-BE48-4C45-B717-5424E566EBDE}
		{20A3F3D1-5600-49FE-81CC-D12D05A841C0} = {3EE5D293-4722-4A9D-B2B7-CBE48818BB6E}
		{5ABFC153-E6BD-4F67-BFA0-F123CA883B95} = {D637E2C6-8296-4D56-9DE6-3803A3814934}
		{E70917FD-0339-4E6E-A99B-4D5248DD8D5C} = {6798900F-BE48-4C45-B717-5424E566EBDE}
		{F9C85BB6-DC1E-4F09-917A-DF6A3A671503} = {6798900F-BE48-4C45-B717-5424E566EBDE}
		{D95F5DFF-E6F2-4CAA-A2B8-67207015B116} = {451FA851-20FF-4EE9-8C5D-F90C299E3208}
		{1635B7F2-E8F2-434D-AE96-F65538EF9D7C} = {D95F5DFF-E6F2-4CAA-A2B8-67207015B116}
		{66BF6FE7-60C0-469D-8C13-B2D0FFC90625} = {D95F5DFF-E6F2-4CAA-A2B8-67207015B116}
	EndGlobalSection
	GlobalSection(ExtensibilityGlobals) = postSolution
		SolutionGuid = {69D55C40-A5FD-4B8A-BEFC-CA9AFEEB1440}
	EndGlobalSection
EndGlobal
