
Microsoft Visual Studio Solution File, Format Version 12.00
# Visual Studio Version 17
VisualStudioVersion = 17.1.32328.378
MinimumVisualStudioVersion = 10.0.40219.1
Project("{2150E333-8FDC-42A3-9474-1A3956D46DE8}") = "Plugins", "Plugins", "{6798900F-BE48-4C45-B717-5424E566EBDE}"
EndProject
Project("{2150E333-8FDC-42A3-9474-1A3956D46DE8}") = "Tests", "Tests", "{A05CC045-210C-4430-8F9E-0393F480A80C}"
EndProject
Project("{8BC9CEB8-8B4A-11D0-8D11-00A0C91BC942}") = "CoreTests", "TestProjects\CoreTests\CoreTests.vcxproj", "{0BB739ED-8DD5-41E0-A2A1-D92ED244A8A0}"
EndProject
Project("{2150E333-8FDC-42A3-9474-1A3956D46DE8}") = "Solution Items", "Solution Items", "{191D5239-A9D6-411E-9FCF-4CC81CDB2991}"
	ProjectSection(SolutionItems) = preProject
		cpp.hint = cpp.hint
	EndProjectSection
EndProject
Project("{8BC9CEB8-8B4A-11D0-8D11-00A0C91BC942}") = "RenderTest", "TestProjects\RenderTest\RenderTest.vcxproj", "{9656E7A6-CF09-46DB-8C47-1A3BC869DAE3}"
EndProject
Project("{8BC9CEB8-8B4A-11D0-8D11-00A0C91BC942}") = "BvRenderTools", "BvRenderTools\BvRenderTools.vcxproj", "{7519E997-2DB6-482C-ABEA-9080ED3F2B88}"
EndProject
Project("{2150E333-8FDC-42A3-9474-1A3956D46DE8}") = "Tools", "Tools", "{3EE5D293-4722-4A9D-B2B7-CBE48818BB6E}"
EndProject
Project("{8BC9CEB8-8B4A-11D0-8D11-00A0C91BC942}") = "BvReflector", "BvReflector\BvReflector.vcxproj", "{20A3F3D1-5600-49FE-81CC-D12D05A841C0}"
EndProject
Project("{2150E333-8FDC-42A3-9474-1A3956D46DE8}") = "BDeV", "BDeV", "{D637E2C6-8296-4D56-9DE6-3803A3814934}"
EndProject
Project("{8BC9CEB8-8B4A-11D0-8D11-00A0C91BC942}") = "BDeV", "BDeV\BDeV.vcxproj", "{5ABFC153-E6BD-4F67-BFA0-F123CA883B95}"
EndProject
Project("{8BC9CEB8-8B4A-11D0-8D11-00A0C91BC942}") = "BvRenderGL", "BvRenderGL\BvRenderGL.vcxproj", "{E70917FD-0339-4E6E-A99B-4D5248DD8D5C}"
EndProject
Project("{8BC9CEB8-8B4A-11D0-8D11-00A0C91BC942}") = "BvRenderVk", "BvRenderVk\BvRenderVk.vcxproj", "{F9C85BB6-DC1E-4F09-917A-DF6A3A671503}"
EndProject
Project("{2150E333-8FDC-42A3-9474-1A3956D46DE8}") = "Samples", "Samples", "{451FA851-20FF-4EE9-8C5D-F90C299E3208}"
EndProject
Project("{2150E333-8FDC-42A3-9474-1A3956D46DE8}") = "Render API", "Render API", "{D95F5DFF-E6F2-4CAA-A2B8-67207015B116}"
EndProject
Project("{8BC9CEB8-8B4A-11D0-8D11-00A0C91BC942}") = "RenderAPISampleBase", "Samples\Render API\RenderAPISampleBase\RenderAPISampleBase.vcxproj", "{1635B7F2-E8F2-434D-AE96-F65538EF9D7C}"
EndProject
Project("{8BC9CEB8-8B4A-11D0-8D11-00A0C91BC942}") = "01 - Triangle", "Samples\Render API\01 - Triangle\01 - Triangle.vcxproj", "{66BF6FE7-60C0-469D-8C13-B2D0FFC90625}"
EndProject
Project("{8BC9CEB8-8B4A-11D0-8D11-00A0C91BC942}") = "02 - Buffers", "Samples\Render API\02 - Buffers\02 - Buffers.vcxproj", "{B20C94A3-4EA8-4BCD-864E-016C5F01206B}"
EndProject
Project("{8BC9CEB8-8B4A-11D0-8D11-00A0C91BC942}") = "03 - Dynamic Buffers", "Samples\Render API\03 - Dynamic Buffers\03 - Dynamic Buffers.vcxproj", "{CF21B850-E2F4-4DBE-A9C4-E023FC56762E}"
EndProject
Project("{8BC9CEB8-8B4A-11D0-8D11-00A0C91BC942}") = "04 - Texture", "Samples\Render API\04 - Texture\04 - Texture.vcxproj", "{769E3120-2A20-4D55-B4B2-9F17C2BDFA6B}"
EndProject
Project("{8BC9CEB8-8B4A-11D0-8D11-00A0C91BC942}") = "05 - Texture Array", "Samples\Render API\05 - Texture Array\05 - Texture Array.vcxproj", "{D2451B24-945A-43A1-B1F6-5DDD9D51D124}"
EndProject
Project("{8BC9CEB8-8B4A-11D0-8D11-00A0C91BC942}") = "06 - Cubemap", "Samples\Render API\06 - Cubemap\06 - Cubemap.vcxproj", "{C7FBA0CA-EDA1-417C-8F17-6A209373DFFA}"
EndProject
Project("{8BC9CEB8-8B4A-11D0-8D11-00A0C91BC942}") = "07 - Cubemap Array", "Samples\Render API\07 - Cubemap Array\07 - Cubemap Array.vcxproj", "{8ADB34A2-7E43-46CA-9DAB-716B56C3F2AA}"
EndProject
Project("{8BC9CEB8-8B4A-11D0-8D11-00A0C91BC942}") = "08 - Texture 3D", "Samples\Render API\08 - Texture 3D\08 - Texture 3D.vcxproj", "{4222D756-41B8-44D7-BAD4-BB1F96CB5DAD}"
EndProject
Project("{8BC9CEB8-8B4A-11D0-8D11-00A0C91BC942}") = "09 - Offscreen Render", "Samples\Render API\09 - Offscreen Render\09 - Offscreen Render.vcxproj", "{CA4834A7-A0E6-4193-87C4-EEBE136A11EA}"
EndProject
Project("{8BC9CEB8-8B4A-11D0-8D11-00A0C91BC942}") = "10 - Offscreen RenderPass", "Samples\Render API\10 - Offscreen RenderPass\10 - Offscreen RenderPass.vcxproj", "{6E1C50E6-D00D-4329-82F6-354AC0270BAD}"
EndProject
Project("{8BC9CEB8-8B4A-11D0-8D11-00A0C91BC942}") = "11 - MSAA", "Samples\Render API\11 - MSAA\11 - MSAA.vcxproj", "{502DA2EC-CEFA-4AC7-8443-77F23C10C4D1}"
EndProject
Project("{8BC9CEB8-8B4A-11D0-8D11-00A0C91BC942}") = "12 - MSAA RenderPass", "Samples\Render API\12 - MSAA RenderPass\12 - MSAA RenderPass.vcxproj", "{0BDB7EE3-5C7D-46BD-B681-AF90EB5AAA28}"
EndProject
Project("{8BC9CEB8-8B4A-11D0-8D11-00A0C91BC942}") = "13 - Stencil Buffer", "Samples\Render API\13 - Stencil Buffer\13 - Stencil Buffer.vcxproj", "{99CB7546-6D33-42B2-908E-6930583AA305}"
EndProject
Project("{8BC9CEB8-8B4A-11D0-8D11-00A0C91BC942}") = "14 - Geometry Shader", "Samples\Render API\14 - Geometry Shader\14 - Geometry Shader.vcxproj", "{255FB368-92D0-4AB5-9A2A-BC11632BD764}"
EndProject
Project("{8BC9CEB8-8B4A-11D0-8D11-00A0C91BC942}") = "15 - Tessellation Shader", "Samples\Render API\15 - Tessellation Shader\15 - Tessellation Shader.vcxproj", "{3FF8C4A4-3F1A-4E73-B627-DCEAD3C0519C}"
EndProject
Project("{8BC9CEB8-8B4A-11D0-8D11-00A0C91BC942}") = "16 - Compute Shader", "Samples\Render API\16 - Compute Shader\16 - Compute Shader.vcxproj", "{793CF2E6-44B1-49CF-8855-335BB2FEA48E}"
EndProject
Project("{8BC9CEB8-8B4A-11D0-8D11-00A0C91BC942}") = "17 - Mesh Shader", "Samples\Render API\17 - Mesh Shader\17 - Mesh Shader.vcxproj", "{9B553ECE-AD4D-400D-8C1F-8738BAAFA47B}"
EndProject
Global
	GlobalSection(SolutionConfigurationPlatforms) = preSolution
		Debug|x64 = Debug|x64
		Debug|x86 = Debug|x86
		Release|x64 = Release|x64
		Release|x86 = Release|x86
	EndGlobalSection
	GlobalSection(ProjectConfigurationPlatforms) = postSolution
		{0BB739ED-8DD5-41E0-A2A1-D92ED244A8A0}.Debug|x64.ActiveCfg = Debug|x64
		{0BB739ED-8DD5-41E0-A2A1-D92ED244A8A0}.Debug|x64.Build.0 = Debug|x64
		{0BB739ED-8DD5-41E0-A2A1-D92ED244A8A0}.Debug|x86.ActiveCfg = Debug|x64
		{0BB739ED-8DD5-41E0-A2A1-D92ED244A8A0}.Debug|x86.Build.0 = Debug|x64
		{0BB739ED-8DD5-41E0-A2A1-D92ED244A8A0}.Release|x64.ActiveCfg = Release|x64
		{0BB739ED-8DD5-41E0-A2A1-D92ED244A8A0}.Release|x64.Build.0 = Release|x64
		{0BB739ED-8DD5-41E0-A2A1-D92ED244A8A0}.Release|x86.ActiveCfg = Release|x64
		{0BB739ED-8DD5-41E0-A2A1-D92ED244A8A0}.Release|x86.Build.0 = Release|x64
		{9656E7A6-CF09-46DB-8C47-1A3BC869DAE3}.Debug|x64.ActiveCfg = Debug|x64
		{9656E7A6-CF09-46DB-8C47-1A3BC869DAE3}.Debug|x64.Build.0 = Debug|x64
		{9656E7A6-CF09-46DB-8C47-1A3BC869DAE3}.Debug|x86.ActiveCfg = Debug|x64
		{9656E7A6-CF09-46DB-8C47-1A3BC869DAE3}.Debug|x86.Build.0 = Debug|x64
		{9656E7A6-CF09-46DB-8C47-1A3BC869DAE3}.Release|x64.ActiveCfg = Release|x64
		{9656E7A6-CF09-46DB-8C47-1A3BC869DAE3}.Release|x64.Build.0 = Release|x64
		{9656E7A6-CF09-46DB-8C47-1A3BC869DAE3}.Release|x86.ActiveCfg = Release|x64
		{9656E7A6-CF09-46DB-8C47-1A3BC869DAE3}.Release|x86.Build.0 = Release|x64
		{7519E997-2DB6-482C-ABEA-9080ED3F2B88}.Debug|x64.ActiveCfg = Debug|x64
		{7519E997-2DB6-482C-ABEA-9080ED3F2B88}.Debug|x64.Build.0 = Debug|x64
		{7519E997-2DB6-482C-ABEA-9080ED3F2B88}.Debug|x86.ActiveCfg = Debug|x64
		{7519E997-2DB6-482C-ABEA-9080ED3F2B88}.Debug|x86.Build.0 = Debug|x64
		{7519E997-2DB6-482C-ABEA-9080ED3F2B88}.Release|x64.ActiveCfg = Release|x64
		{7519E997-2DB6-482C-ABEA-9080ED3F2B88}.Release|x64.Build.0 = Release|x64
		{7519E997-2DB6-482C-ABEA-9080ED3F2B88}.Release|x86.ActiveCfg = Release|x64
		{7519E997-2DB6-482C-ABEA-9080ED3F2B88}.Release|x86.Build.0 = Release|x64
		{20A3F3D1-5600-49FE-81CC-D12D05A841C0}.Debug|x64.ActiveCfg = Debug|x64
		{20A3F3D1-5600-49FE-81CC-D12D05A841C0}.Debug|x64.Build.0 = Debug|x64
		{20A3F3D1-5600-49FE-81CC-D12D05A841C0}.Debug|x86.ActiveCfg = Debug|x64
		{20A3F3D1-5600-49FE-81CC-D12D05A841C0}.Debug|x86.Build.0 = Debug|x64
		{20A3F3D1-5600-49FE-81CC-D12D05A841C0}.Release|x64.ActiveCfg = Release|x64
		{20A3F3D1-5600-49FE-81CC-D12D05A841C0}.Release|x64.Build.0 = Release|x64
		{20A3F3D1-5600-49FE-81CC-D12D05A841C0}.Release|x86.ActiveCfg = Release|x64
		{20A3F3D1-5600-49FE-81CC-D12D05A841C0}.Release|x86.Build.0 = Release|x64
		{5ABFC153-E6BD-4F67-BFA0-F123CA883B95}.Debug|x64.ActiveCfg = Debug|x64
		{5ABFC153-E6BD-4F67-BFA0-F123CA883B95}.Debug|x64.Build.0 = Debug|x64
		{5ABFC153-E6BD-4F67-BFA0-F123CA883B95}.Debug|x86.ActiveCfg = Debug|x64
		{5ABFC153-E6BD-4F67-BFA0-F123CA883B95}.Debug|x86.Build.0 = Debug|x64
		{5ABFC153-E6BD-4F67-BFA0-F123CA883B95}.Release|x64.ActiveCfg = Release|x64
		{5ABFC153-E6BD-4F67-BFA0-F123CA883B95}.Release|x64.Build.0 = Release|x64
		{5ABFC153-E6BD-4F67-BFA0-F123CA883B95}.Release|x86.ActiveCfg = Release|x64
		{5ABFC153-E6BD-4F67-BFA0-F123CA883B95}.Release|x86.Build.0 = Release|x64
		{E70917FD-0339-4E6E-A99B-4D5248DD8D5C}.Debug|x64.ActiveCfg = Debug|x64
		{E70917FD-0339-4E6E-A99B-4D5248DD8D5C}.Debug|x64.Build.0 = Debug|x64
		{E70917FD-0339-4E6E-A99B-4D5248DD8D5C}.Debug|x86.ActiveCfg = Debug|x64
		{E70917FD-0339-4E6E-A99B-4D5248DD8D5C}.Debug|x86.Build.0 = Debug|x64
		{E70917FD-0339-4E6E-A99B-4D5248DD8D5C}.Release|x64.ActiveCfg = Release|x64
		{E70917FD-0339-4E6E-A99B-4D5248DD8D5C}.Release|x64.Build.0 = Release|x64
		{E70917FD-0339-4E6E-A99B-4D5248DD8D5C}.Release|x86.ActiveCfg = Release|x64
		{E70917FD-0339-4E6E-A99B-4D5248DD8D5C}.Release|x86.Build.0 = Release|x64
		{F9C85BB6-DC1E-4F09-917A-DF6A3A671503}.Debug|x64.ActiveCfg = Debug|x64
		{F9C85BB6-DC1E-4F09-917A-DF6A3A671503}.Debug|x64.Build.0 = Debug|x64
		{F9C85BB6-DC1E-4F09-917A-DF6A3A671503}.Debug|x86.ActiveCfg = Debug|x64
		{F9C85BB6-DC1E-4F09-917A-DF6A3A671503}.Debug|x86.Build.0 = Debug|x64
		{F9C85BB6-DC1E-4F09-917A-DF6A3A671503}.Release|x64.ActiveCfg = Release|x64
		{F9C85BB6-DC1E-4F09-917A-DF6A3A671503}.Release|x64.Build.0 = Release|x64
		{F9C85BB6-DC1E-4F09-917A-DF6A3A671503}.Release|x86.ActiveCfg = Release|x64
		{F9C85BB6-DC1E-4F09-917A-DF6A3A671503}.Release|x86.Build.0 = Release|x64
		{1635B7F2-E8F2-434D-AE96-F65538EF9D7C}.Debug|x64.ActiveCfg = Debug|x64
		{1635B7F2-E8F2-434D-AE96-F65538EF9D7C}.Debug|x64.Build.0 = Debug|x64
		{1635B7F2-E8F2-434D-AE96-F65538EF9D7C}.Debug|x86.ActiveCfg = Debug|x64
		{1635B7F2-E8F2-434D-AE96-F65538EF9D7C}.Debug|x86.Build.0 = Debug|x64
		{1635B7F2-E8F2-434D-AE96-F65538EF9D7C}.Release|x64.ActiveCfg = Release|x64
		{1635B7F2-E8F2-434D-AE96-F65538EF9D7C}.Release|x64.Build.0 = Release|x64
		{1635B7F2-E8F2-434D-AE96-F65538EF9D7C}.Release|x86.ActiveCfg = Release|x64
		{1635B7F2-E8F2-434D-AE96-F65538EF9D7C}.Release|x86.Build.0 = Release|x64
		{66BF6FE7-60C0-469D-8C13-B2D0FFC90625}.Debug|x64.ActiveCfg = Debug|x64
		{66BF6FE7-60C0-469D-8C13-B2D0FFC90625}.Debug|x64.Build.0 = Debug|x64
		{66BF6FE7-60C0-469D-8C13-B2D0FFC90625}.Debug|x86.ActiveCfg = Debug|x64
		{66BF6FE7-60C0-469D-8C13-B2D0FFC90625}.Debug|x86.Build.0 = Debug|x64
		{66BF6FE7-60C0-469D-8C13-B2D0FFC90625}.Release|x64.ActiveCfg = Release|x64
		{66BF6FE7-60C0-469D-8C13-B2D0FFC90625}.Release|x64.Build.0 = Release|x64
		{66BF6FE7-60C0-469D-8C13-B2D0FFC90625}.Release|x86.ActiveCfg = Release|x64
		{66BF6FE7-60C0-469D-8C13-B2D0FFC90625}.Release|x86.Build.0 = Release|x64
		{B20C94A3-4EA8-4BCD-864E-016C5F01206B}.Debug|x64.ActiveCfg = Debug|x64
		{B20C94A3-4EA8-4BCD-864E-016C5F01206B}.Debug|x64.Build.0 = Debug|x64
		{B20C94A3-4EA8-4BCD-864E-016C5F01206B}.Debug|x86.ActiveCfg = Debug|x64
		{B20C94A3-4EA8-4BCD-864E-016C5F01206B}.Debug|x86.Build.0 = Debug|x64
		{B20C94A3-4EA8-4BCD-864E-016C5F01206B}.Release|x64.ActiveCfg = Release|x64
		{B20C94A3-4EA8-4BCD-864E-016C5F01206B}.Release|x64.Build.0 = Release|x64
		{B20C94A3-4EA8-4BCD-864E-016C5F01206B}.Release|x86.ActiveCfg = Release|x64
		{B20C94A3-4EA8-4BCD-864E-016C5F01206B}.Release|x86.Build.0 = Release|x64
		{CF21B850-E2F4-4DBE-A9C4-E023FC56762E}.Debug|x64.ActiveCfg = Debug|x64
		{CF21B850-E2F4-4DBE-A9C4-E023FC56762E}.Debug|x64.Build.0 = Debug|x64
		{CF21B850-E2F4-4DBE-A9C4-E023FC56762E}.Debug|x86.ActiveCfg = Debug|x64
		{CF21B850-E2F4-4DBE-A9C4-E023FC56762E}.Debug|x86.Build.0 = Debug|x64
		{CF21B850-E2F4-4DBE-A9C4-E023FC56762E}.Release|x64.ActiveCfg = Release|x64
		{CF21B850-E2F4-4DBE-A9C4-E023FC56762E}.Release|x64.Build.0 = Release|x64
		{CF21B850-E2F4-4DBE-A9C4-E023FC56762E}.Release|x86.ActiveCfg = Release|x64
		{CF21B850-E2F4-4DBE-A9C4-E023FC56762E}.Release|x86.Build.0 = Release|x64
		{769E3120-2A20-4D55-B4B2-9F17C2BDFA6B}.Debug|x64.ActiveCfg = Debug|x64
		{769E3120-2A20-4D55-B4B2-9F17C2BDFA6B}.Debug|x64.Build.0 = Debug|x64
		{769E3120-2A20-4D55-B4B2-9F17C2BDFA6B}.Debug|x86.ActiveCfg = Debug|x64
		{769E3120-2A20-4D55-B4B2-9F17C2BDFA6B}.Debug|x86.Build.0 = Debug|x64
		{769E3120-2A20-4D55-B4B2-9F17C2BDFA6B}.Release|x64.ActiveCfg = Release|x64
		{769E3120-2A20-4D55-B4B2-9F17C2BDFA6B}.Release|x64.Build.0 = Release|x64
		{769E3120-2A20-4D55-B4B2-9F17C2BDFA6B}.Release|x86.ActiveCfg = Release|x64
		{769E3120-2A20-4D55-B4B2-9F17C2BDFA6B}.Release|x86.Build.0 = Release|x64
		{D2451B24-945A-43A1-B1F6-5DDD9D51D124}.Debug|x64.ActiveCfg = Debug|x64
		{D2451B24-945A-43A1-B1F6-5DDD9D51D124}.Debug|x64.Build.0 = Debug|x64
		{D2451B24-945A-43A1-B1F6-5DDD9D51D124}.Debug|x86.ActiveCfg = Debug|x64
		{D2451B24-945A-43A1-B1F6-5DDD9D51D124}.Debug|x86.Build.0 = Debug|x64
		{D2451B24-945A-43A1-B1F6-5DDD9D51D124}.Release|x64.ActiveCfg = Release|x64
		{D2451B24-945A-43A1-B1F6-5DDD9D51D124}.Release|x64.Build.0 = Release|x64
		{D2451B24-945A-43A1-B1F6-5DDD9D51D124}.Release|x86.ActiveCfg = Release|x64
		{D2451B24-945A-43A1-B1F6-5DDD9D51D124}.Release|x86.Build.0 = Release|x64
		{C7FBA0CA-EDA1-417C-8F17-6A209373DFFA}.Debug|x64.ActiveCfg = Debug|x64
		{C7FBA0CA-EDA1-417C-8F17-6A209373DFFA}.Debug|x64.Build.0 = Debug|x64
		{C7FBA0CA-EDA1-417C-8F17-6A209373DFFA}.Debug|x86.ActiveCfg = Debug|Win32
		{C7FBA0CA-EDA1-417C-8F17-6A209373DFFA}.Debug|x86.Build.0 = Debug|Win32
		{C7FBA0CA-EDA1-417C-8F17-6A209373DFFA}.Release|x64.ActiveCfg = Release|x64
		{C7FBA0CA-EDA1-417C-8F17-6A209373DFFA}.Release|x64.Build.0 = Release|x64
		{C7FBA0CA-EDA1-417C-8F17-6A209373DFFA}.Release|x86.ActiveCfg = Release|Win32
		{C7FBA0CA-EDA1-417C-8F17-6A209373DFFA}.Release|x86.Build.0 = Release|Win32
		{8ADB34A2-7E43-46CA-9DAB-716B56C3F2AA}.Debug|x64.ActiveCfg = Debug|x64
		{8ADB34A2-7E43-46CA-9DAB-716B56C3F2AA}.Debug|x64.Build.0 = Debug|x64
		{8ADB34A2-7E43-46CA-9DAB-716B56C3F2AA}.Debug|x86.ActiveCfg = Debug|Win32
		{8ADB34A2-7E43-46CA-9DAB-716B56C3F2AA}.Debug|x86.Build.0 = Debug|Win32
		{8ADB34A2-7E43-46CA-9DAB-716B56C3F2AA}.Release|x64.ActiveCfg = Release|x64
		{8ADB34A2-7E43-46CA-9DAB-716B56C3F2AA}.Release|x64.Build.0 = Release|x64
		{8ADB34A2-7E43-46CA-9DAB-716B56C3F2AA}.Release|x86.ActiveCfg = Release|Win32
		{8ADB34A2-7E43-46CA-9DAB-716B56C3F2AA}.Release|x86.Build.0 = Release|Win32
		{4222D756-41B8-44D7-BAD4-BB1F96CB5DAD}.Debug|x64.ActiveCfg = Debug|x64
		{4222D756-41B8-44D7-BAD4-BB1F96CB5DAD}.Debug|x64.Build.0 = Debug|x64
		{4222D756-41B8-44D7-BAD4-BB1F96CB5DAD}.Debug|x86.ActiveCfg = Debug|Win32
		{4222D756-41B8-44D7-BAD4-BB1F96CB5DAD}.Debug|x86.Build.0 = Debug|Win32
		{4222D756-41B8-44D7-BAD4-BB1F96CB5DAD}.Release|x64.ActiveCfg = Release|x64
		{4222D756-41B8-44D7-BAD4-BB1F96CB5DAD}.Release|x64.Build.0 = Release|x64
		{4222D756-41B8-44D7-BAD4-BB1F96CB5DAD}.Release|x86.ActiveCfg = Release|Win32
		{4222D756-41B8-44D7-BAD4-BB1F96CB5DAD}.Release|x86.Build.0 = Release|Win32
		{CA4834A7-A0E6-4193-87C4-EEBE136A11EA}.Debug|x64.ActiveCfg = Debug|x64
		{CA4834A7-A0E6-4193-87C4-EEBE136A11EA}.Debug|x64.Build.0 = Debug|x64
		{CA4834A7-A0E6-4193-87C4-EEBE136A11EA}.Debug|x86.ActiveCfg = Debug|Win32
		{CA4834A7-A0E6-4193-87C4-EEBE136A11EA}.Debug|x86.Build.0 = Debug|Win32
		{CA4834A7-A0E6-4193-87C4-EEBE136A11EA}.Release|x64.ActiveCfg = Release|x64
		{CA4834A7-A0E6-4193-87C4-EEBE136A11EA}.Release|x64.Build.0 = Release|x64
		{CA4834A7-A0E6-4193-87C4-EEBE136A11EA}.Release|x86.ActiveCfg = Release|Win32
		{CA4834A7-A0E6-4193-87C4-EEBE136A11EA}.Release|x86.Build.0 = Release|Win32
		{6E1C50E6-D00D-4329-82F6-354AC0270BAD}.Debug|x64.ActiveCfg = Debug|x64
		{6E1C50E6-D00D-4329-82F6-354AC0270BAD}.Debug|x64.Build.0 = Debug|x64
		{6E1C50E6-D00D-4329-82F6-354AC0270BAD}.Debug|x86.ActiveCfg = Debug|Win32
		{6E1C50E6-D00D-4329-82F6-354AC0270BAD}.Debug|x86.Build.0 = Debug|Win32
		{6E1C50E6-D00D-4329-82F6-354AC0270BAD}.Release|x64.ActiveCfg = Release|x64
		{6E1C50E6-D00D-4329-82F6-354AC0270BAD}.Release|x64.Build.0 = Release|x64
		{6E1C50E6-D00D-4329-82F6-354AC0270BAD}.Release|x86.ActiveCfg = Release|Win32
		{6E1C50E6-D00D-4329-82F6-354AC0270BAD}.Release|x86.Build.0 = Release|Win32
		{502DA2EC-CEFA-4AC7-8443-77F23C10C4D1}.Debug|x64.ActiveCfg = Debug|x64
		{502DA2EC-CEFA-4AC7-8443-77F23C10C4D1}.Debug|x64.Build.0 = Debug|x64
		{502DA2EC-CEFA-4AC7-8443-77F23C10C4D1}.Debug|x86.ActiveCfg = Debug|Win32
		{502DA2EC-CEFA-4AC7-8443-77F23C10C4D1}.Debug|x86.Build.0 = Debug|Win32
		{502DA2EC-CEFA-4AC7-8443-77F23C10C4D1}.Release|x64.ActiveCfg = Release|x64
		{502DA2EC-CEFA-4AC7-8443-77F23C10C4D1}.Release|x64.Build.0 = Release|x64
		{502DA2EC-CEFA-4AC7-8443-77F23C10C4D1}.Release|x86.ActiveCfg = Release|Win32
		{502DA2EC-CEFA-4AC7-8443-77F23C10C4D1}.Release|x86.Build.0 = Release|Win32
		{0BDB7EE3-5C7D-46BD-B681-AF90EB5AAA28}.Debug|x64.ActiveCfg = Debug|x64
		{0BDB7EE3-5C7D-46BD-B681-AF90EB5AAA28}.Debug|x64.Build.0 = Debug|x64
		{0BDB7EE3-5C7D-46BD-B681-AF90EB5AAA28}.Debug|x86.ActiveCfg = Debug|Win32
		{0BDB7EE3-5C7D-46BD-B681-AF90EB5AAA28}.Debug|x86.Build.0 = Debug|Win32
		{0BDB7EE3-5C7D-46BD-B681-AF90EB5AAA28}.Release|x64.ActiveCfg = Release|x64
		{0BDB7EE3-5C7D-46BD-B681-AF90EB5AAA28}.Release|x64.Build.0 = Release|x64
		{0BDB7EE3-5C7D-46BD-B681-AF90EB5AAA28}.Release|x86.ActiveCfg = Release|Win32
		{0BDB7EE3-5C7D-46BD-B681-AF90EB5AAA28}.Release|x86.Build.0 = Release|Win32
		{99CB7546-6D33-42B2-908E-6930583AA305}.Debug|x64.ActiveCfg = Debug|x64
		{99CB7546-6D33-42B2-908E-6930583AA305}.Debug|x64.Build.0 = Debug|x64
		{99CB7546-6D33-42B2-908E-6930583AA305}.Debug|x86.ActiveCfg = Debug|Win32
		{99CB7546-6D33-42B2-908E-6930583AA305}.Debug|x86.Build.0 = Debug|Win32
		{99CB7546-6D33-42B2-908E-6930583AA305}.Release|x64.ActiveCfg = Release|x64
		{99CB7546-6D33-42B2-908E-6930583AA305}.Release|x64.Build.0 = Release|x64
		{99CB7546-6D33-42B2-908E-6930583AA305}.Release|x86.ActiveCfg = Release|Win32
		{99CB7546-6D33-42B2-908E-6930583AA305}.Release|x86.Build.0 = Release|Win32
		{255FB368-92D0-4AB5-9A2A-BC11632BD764}.Debug|x64.ActiveCfg = Debug|x64
		{255FB368-92D0-4AB5-9A2A-BC11632BD764}.Debug|x64.Build.0 = Debug|x64
		{255FB368-92D0-4AB5-9A2A-BC11632BD764}.Debug|x86.ActiveCfg = Debug|Win32
		{255FB368-92D0-4AB5-9A2A-BC11632BD764}.Debug|x86.Build.0 = Debug|Win32
		{255FB368-92D0-4AB5-9A2A-BC11632BD764}.Release|x64.ActiveCfg = Release|x64
		{255FB368-92D0-4AB5-9A2A-BC11632BD764}.Release|x64.Build.0 = Release|x64
		{255FB368-92D0-4AB5-9A2A-BC11632BD764}.Release|x86.ActiveCfg = Release|Win32
		{255FB368-92D0-4AB5-9A2A-BC11632BD764}.Release|x86.Build.0 = Release|Win32
		{3FF8C4A4-3F1A-4E73-B627-DCEAD3C0519C}.Debug|x64.ActiveCfg = Debug|x64
		{3FF8C4A4-3F1A-4E73-B627-DCEAD3C0519C}.Debug|x64.Build.0 = Debug|x64
		{3FF8C4A4-3F1A-4E73-B627-DCEAD3C0519C}.Debug|x86.ActiveCfg = Debug|Win32
		{3FF8C4A4-3F1A-4E73-B627-DCEAD3C0519C}.Debug|x86.Build.0 = Debug|Win32
		{3FF8C4A4-3F1A-4E73-B627-DCEAD3C0519C}.Release|x64.ActiveCfg = Release|x64
		{3FF8C4A4-3F1A-4E73-B627-DCEAD3C0519C}.Release|x64.Build.0 = Release|x64
		{3FF8C4A4-3F1A-4E73-B627-DCEAD3C0519C}.Release|x86.ActiveCfg = Release|Win32
		{3FF8C4A4-3F1A-4E73-B627-DCEAD3C0519C}.Release|x86.Build.0 = Release|Win32
		{793CF2E6-44B1-49CF-8855-335BB2FEA48E}.Debug|x64.ActiveCfg = Debug|x64
		{793CF2E6-44B1-49CF-8855-335BB2FEA48E}.Debug|x64.Build.0 = Debug|x64
		{793CF2E6-44B1-49CF-8855-335BB2FEA48E}.Debug|x86.ActiveCfg = Debug|Win32
		{793CF2E6-44B1-49CF-8855-335BB2FEA48E}.Debug|x86.Build.0 = Debug|Win32
		{793CF2E6-44B1-49CF-8855-335BB2FEA48E}.Release|x64.ActiveCfg = Release|x64
		{793CF2E6-44B1-49CF-8855-335BB2FEA48E}.Release|x64.Build.0 = Release|x64
		{793CF2E6-44B1-49CF-8855-335BB2FEA48E}.Release|x86.ActiveCfg = Release|Win32
		{793CF2E6-44B1-49CF-8855-335BB2FEA48E}.Release|x86.Build.0 = Release|Win32
		{9B553ECE-AD4D-400D-8C1F-8738BAAFA47B}.Debug|x64.ActiveCfg = Debug|x64
		{9B553ECE-AD4D-400D-8C1F-8738BAAFA47B}.Debug|x64.Build.0 = Debug|x64
		{9B553ECE-AD4D-400D-8C1F-8738BAAFA47B}.Debug|x86.ActiveCfg = Debug|Win32
		{9B553ECE-AD4D-400D-8C1F-8738BAAFA47B}.Debug|x86.Build.0 = Debug|Win32
		{9B553ECE-AD4D-400D-8C1F-8738BAAFA47B}.Release|x64.ActiveCfg = Release|x64
		{9B553ECE-AD4D-400D-8C1F-8738BAAFA47B}.Release|x64.Build.0 = Release|x64
		{9B553ECE-AD4D-400D-8C1F-8738BAAFA47B}.Release|x86.ActiveCfg = Release|Win32
		{9B553ECE-AD4D-400D-8C1F-8738BAAFA47B}.Release|x86.Build.0 = Release|Win32
	EndGlobalSection
	GlobalSection(SolutionProperties) = preSolution
		HideSolutionNode = FALSE
	EndGlobalSection
	GlobalSection(NestedProjects) = preSolution
		{0BB739ED-8DD5-41E0-A2A1-D92ED244A8A0} = {A05CC045-210C-4430-8F9E-0393F480A80C}
		{9656E7A6-CF09-46DB-8C47-1A3BC869DAE3} = {A05CC045-210C-4430-8F9E-0393F480A80C}
		{7519E997-2DB6-482C-ABEA-9080ED3F2B88} = {6798900F-BE48-4C45-B717-5424E566EBDE}
		{20A3F3D1-5600-49FE-81CC-D12D05A841C0} = {3EE5D293-4722-4A9D-B2B7-CBE48818BB6E}
		{5ABFC153-E6BD-4F67-BFA0-F123CA883B95} = {D637E2C6-8296-4D56-9DE6-3803A3814934}
		{E70917FD-0339-4E6E-A99B-4D5248DD8D5C} = {6798900F-BE48-4C45-B717-5424E566EBDE}
		{F9C85BB6-DC1E-4F09-917A-DF6A3A671503} = {6798900F-BE48-4C45-B717-5424E566EBDE}
		{D95F5DFF-E6F2-4CAA-A2B8-67207015B116} = {451FA851-20FF-4EE9-8C5D-F90C299E3208}
		{1635B7F2-E8F2-434D-AE96-F65538EF9D7C} = {D95F5DFF-E6F2-4CAA-A2B8-67207015B116}
		{66BF6FE7-60C0-469D-8C13-B2D0FFC90625} = {D95F5DFF-E6F2-4CAA-A2B8-67207015B116}
		{B20C94A3-4EA8-4BCD-864E-016C5F01206B} = {D95F5DFF-E6F2-4CAA-A2B8-67207015B116}
		{CF21B850-E2F4-4DBE-A9C4-E023FC56762E} = {D95F5DFF-E6F2-4CAA-A2B8-67207015B116}
		{769E3120-2A20-4D55-B4B2-9F17C2BDFA6B} = {D95F5DFF-E6F2-4CAA-A2B8-67207015B116}
		{D2451B24-945A-43A1-B1F6-5DDD9D51D124} = {D95F5DFF-E6F2-4CAA-A2B8-67207015B116}
		{C7FBA0CA-EDA1-417C-8F17-6A209373DFFA} = {D95F5DFF-E6F2-4CAA-A2B8-67207015B116}
		{8ADB34A2-7E43-46CA-9DAB-716B56C3F2AA} = {D95F5DFF-E6F2-4CAA-A2B8-67207015B116}
		{4222D756-41B8-44D7-BAD4-BB1F96CB5DAD} = {D95F5DFF-E6F2-4CAA-A2B8-67207015B116}
		{CA4834A7-A0E6-4193-87C4-EEBE136A11EA} = {D95F5DFF-E6F2-4CAA-A2B8-67207015B116}
		{6E1C50E6-D00D-4329-82F6-354AC0270BAD} = {D95F5DFF-E6F2-4CAA-A2B8-67207015B116}
		{502DA2EC-CEFA-4AC7-8443-77F23C10C4D1} = {D95F5DFF-E6F2-4CAA-A2B8-67207015B116}
		{0BDB7EE3-5C7D-46BD-B681-AF90EB5AAA28} = {D95F5DFF-E6F2-4CAA-A2B8-67207015B116}
		{99CB7546-6D33-42B2-908E-6930583AA305} = {D95F5DFF-E6F2-4CAA-A2B8-67207015B116}
		{255FB368-92D0-4AB5-9A2A-BC11632BD764} = {D95F5DFF-E6F2-4CAA-A2B8-67207015B116}
		{3FF8C4A4-3F1A-4E73-B627-DCEAD3C0519C} = {D95F5DFF-E6F2-4CAA-A2B8-67207015B116}
		{793CF2E6-44B1-49CF-8855-335BB2FEA48E} = {D95F5DFF-E6F2-4CAA-A2B8-67207015B116}
		{9B553ECE-AD4D-400D-8C1F-8738BAAFA47B} = {D95F5DFF-E6F2-4CAA-A2B8-67207015B116}
	EndGlobalSection
	GlobalSection(ExtensibilityGlobals) = postSolution
		SolutionGuid = {69D55C40-A5FD-4B8A-BEFC-CA9AFEEB1440}
	EndGlobalSection
EndGlobal
