<?xml version="1.0" encoding="utf-8"?>
<Project ToolsVersion="17.0" xmlns="http://schemas.microsoft.com/developer/msbuild/2003">
  <ItemGroup>
    <CustomBuild Include="D:\Bruno\C++\BDeV-Engine\TestProjects\glslangbin\CMakeFiles\6df4cb8935e17939ec5e6c2878b8f94e\generate.stamp.rule">
      <Filter>CMake Rules</Filter>
    </CustomBuild>
  </ItemGroup>
  <ItemGroup>
    <Filter Include="CMake Rules">
      <UniqueIdentifier>{3264ECCF-A43B-32F5-B901-C980E3B78799}</UniqueIdentifier>
    </Filter>
  </ItemGroup>
</Project>
