<?xml version="1.0" encoding="utf-8"?>
<Project ToolsVersion="4.0" xmlns="http://schemas.microsoft.com/developer/msbuild/2003">
  <ItemGroup>
    <ClInclude Include="BvCommon.h" />
    <ClInclude Include="BvTexture.h" />
    <ClInclude Include="BvBuffer.h" />
    <ClInclude Include="BvRenderDevice.h" />
    <ClInclude Include="BvSwapChain.h" />
    <ClInclude Include="BvSampler.h" />
    <ClInclude Include="BvPipelineState.h" />
    <ClInclude Include="BvRenderPass.h" />
    <ClInclude Include="BvCommandQueue.h" />
    <ClInclude Include="BvCommandPool.h" />
    <ClInclude Include="BvCommandBuffer.h" />
    <ClInclude Include="BvFence.h" />
    <ClInclude Include="BvRenderEngine.h" />
    <ClInclude Include="BvGPUInfo.h" />
    <ClInclude Include="BvTextureView.h" />
    <ClInclude Include="BvBufferView.h" />
    <ClInclude Include="BvShaderResource.h" />
    <ClInclude Include="BvSemaphore.h" />
  </ItemGroup>
</Project>