<?xml version="1.0" encoding="utf-8"?>
<Project ToolsVersion="17.0" xmlns="http://schemas.microsoft.com/developer/msbuild/2003">
  <ItemGroup>
    <ClCompile Include="D:\Bruno\C++\BDeV-Engine\External\glslang\glslang\CInterface\glslang_c_interface.cpp">
      <Filter>CInterface</Filter>
    </ClCompile>
  </ItemGroup>
  <ItemGroup>
    <ClInclude Include="D:\Bruno\C++\BDeV-Engine\External\glslang\glslang\Public\ShaderLang.h">
      <Filter>Public</Filter>
    </ClInclude>
    <ClInclude Include="D:\Bruno\C++\BDeV-Engine\External\glslang\glslang\Include\arrays.h">
      <Filter>Include</Filter>
    </ClInclude>
    <ClInclude Include="D:\Bruno\C++\BDeV-Engine\External\glslang\glslang\Include\BaseTypes.h">
      <Filter>Include</Filter>
    </ClInclude>
    <ClInclude Include="D:\Bruno\C++\BDeV-Engine\External\glslang\glslang\Include\Common.h">
      <Filter>Include</Filter>
    </ClInclude>
    <ClInclude Include="D:\Bruno\C++\BDeV-Engine\External\glslang\glslang\Include\ConstantUnion.h">
      <Filter>Include</Filter>
    </ClInclude>
    <ClInclude Include="D:\Bruno\C++\BDeV-Engine\External\glslang\glslang\Include\glslang_c_interface.h">
      <Filter>Include</Filter>
    </ClInclude>
    <ClInclude Include="D:\Bruno\C++\BDeV-Engine\External\glslang\glslang\Include\glslang_c_shader_types.h">
      <Filter>Include</Filter>
    </ClInclude>
    <ClInclude Include="D:\Bruno\C++\BDeV-Engine\External\glslang\glslang\Include\InfoSink.h">
      <Filter>Include</Filter>
    </ClInclude>
    <ClInclude Include="D:\Bruno\C++\BDeV-Engine\External\glslang\glslang\Include\InitializeGlobals.h">
      <Filter>Include</Filter>
    </ClInclude>
    <ClInclude Include="D:\Bruno\C++\BDeV-Engine\External\glslang\glslang\Include\intermediate.h">
      <Filter>Include</Filter>
    </ClInclude>
    <ClInclude Include="D:\Bruno\C++\BDeV-Engine\External\glslang\glslang\Include\PoolAlloc.h">
      <Filter>Include</Filter>
    </ClInclude>
    <ClInclude Include="D:\Bruno\C++\BDeV-Engine\External\glslang\glslang\Include\ResourceLimits.h">
      <Filter>Include</Filter>
    </ClInclude>
    <ClInclude Include="D:\Bruno\C++\BDeV-Engine\External\glslang\glslang\Include\ShHandle.h">
      <Filter>Include</Filter>
    </ClInclude>
    <ClInclude Include="D:\Bruno\C++\BDeV-Engine\External\glslang\glslang\Include\SpirvIntrinsics.h">
      <Filter>Include</Filter>
    </ClInclude>
    <ClInclude Include="D:\Bruno\C++\BDeV-Engine\External\glslang\glslang\Include\Types.h">
      <Filter>Include</Filter>
    </ClInclude>
  </ItemGroup>
  <ItemGroup>
    <CustomBuild Include="D:\Bruno\C++\BDeV-Engine\External\glslang\glslang\CMakeLists.txt" />
  </ItemGroup>
  <ItemGroup>
    <Filter Include="CInterface">
      <UniqueIdentifier>{73AB8086-D92A-3C4D-B056-9FB7D7081940}</UniqueIdentifier>
    </Filter>
    <Filter Include="Include">
      <UniqueIdentifier>{94F36FF4-374C-3118-A462-EA76D703B5F1}</UniqueIdentifier>
    </Filter>
    <Filter Include="Public">
      <UniqueIdentifier>{F2B98684-6273-3F07-9F99-D9503D7AB971}</UniqueIdentifier>
    </Filter>
  </ItemGroup>
</Project>
