<?xml version="1.0" encoding="utf-8"?>
<Project ToolsVersion="17.0" xmlns="http://schemas.microsoft.com/developer/msbuild/2003">
  <ItemGroup>
    <ClCompile Include="D:\Bruno\C++\BDeV-Engine\External\glslang\glslang\ResourceLimits\ResourceLimits.cpp">
      <Filter>Source Files</Filter>
    </ClCompile>
    <ClCompile Include="D:\Bruno\C++\BDeV-Engine\External\glslang\glslang\ResourceLimits\resource_limits_c.cpp">
      <Filter>Source Files</Filter>
    </ClCompile>
  </ItemGroup>
  <ItemGroup>
    <ClInclude Include="D:\Bruno\C++\BDeV-Engine\External\glslang\glslang\Public\ResourceLimits.h">
      <Filter>Public</Filter>
    </ClInclude>
    <ClInclude Include="D:\Bruno\C++\BDeV-Engine\External\glslang\glslang\Public\resource_limits_c.h">
      <Filter>Public</Filter>
    </ClInclude>
  </ItemGroup>
  <ItemGroup>
    <CustomBuild Include="D:\Bruno\C++\BDeV-Engine\External\glslang\glslang\CMakeLists.txt" />
  </ItemGroup>
  <ItemGroup>
    <Filter Include="Public">
      <UniqueIdentifier>{F2B98684-6273-3F07-9F99-D9503D7AB971}</UniqueIdentifier>
    </Filter>
    <Filter Include="Source Files">
      <UniqueIdentifier>{62291B38-766E-3D38-A819-FA742D873BFF}</UniqueIdentifier>
    </Filter>
  </ItemGroup>
</Project>
