<?xml version="1.0" encoding="utf-8"?>
<Project ToolsVersion="4.0" xmlns="http://schemas.microsoft.com/developer/msbuild/2003">
  <ItemGroup>
    <ClCompile Include="BvRenderEngineVk.cpp" />
    <ClCompile Include="BvRenderDeviceVk.cpp" />
    <ClCompile Include="BvCommandQueueVk.cpp" />
    <ClCompile Include="BvSwapChainVk.cpp" />
    <ClCompile Include="Platform\BvSwapChainVkWin32.cpp" />
    <ClCompile Include="BvTextureVk.cpp" />
    <ClCompile Include="BvTypeConversionsVk.cpp" />
    <ClCompile Include="BvTextureViewVk.cpp" />
    <ClCompile Include="BvBufferVk.cpp" />
    <ClCompile Include="BvBufferViewVk.cpp" />
    <ClCompile Include="BvSamplerVk.cpp" />
    <ClCompile Include="BvSemaphoreVk.cpp" />
    <ClCompile Include="BvCommandPoolVk.cpp" />
    <ClCompile Include="BvRenderPassVk.cpp" />
    <ClCompile Include="BvUtilsVk.cpp" />
    <ClCompile Include="BvCommandBufferVk.cpp" />
    <ClCompile Include="BvPipelineStateVk.cpp" />
    <ClCompile Include="BvShaderResourceVk.cpp" />
    <ClCompile Include="BvFramebufferVk.cpp" />
    <ClCompile Include="BvFenceVk.cpp" />
    <ClCompile Include="BvDebugReportVk.cpp" />
    <ClCompile Include="BvShaderResourceSetPoolVk.cpp" />
    <ClCompile Include="BvLoaderVk.cpp" />
  </ItemGroup>
  <ItemGroup>
    <ClInclude Include="BvRenderEngineVk.h" />
    <ClInclude Include="BvRenderDeviceVk.h" />
    <ClInclude Include="BvCommandQueueVk.h" />
    <ClInclude Include="BvSwapChainVk.h" />
    <ClInclude Include="BvTextureVk.h" />
    <ClInclude Include="BvTypeConversionsVk.h" />
    <ClInclude Include="BvTextureViewVk.h" />
    <ClInclude Include="BvBufferVk.h" />
    <ClInclude Include="BvBufferViewVk.h" />
    <ClInclude Include="BvSamplerVk.h" />
    <ClInclude Include="BvSemaphoreVk.h" />
    <ClInclude Include="BvCommandPoolVk.h" />
    <ClInclude Include="BvRenderPassVk.h" />
    <ClInclude Include="BvCommonVk.h" />
    <ClInclude Include="BvUtilsVk.h" />
    <ClInclude Include="BvGPUInfoVk.h" />
    <ClInclude Include="BvCommandBufferVk.h" />
    <ClInclude Include="BvPipelineStateVk.h" />
    <ClInclude Include="BvShaderResourceVk.h" />
    <ClInclude Include="BvFramebufferVk.h" />
    <ClInclude Include="BvFenceVk.h" />
    <ClInclude Include="BvDebugReportVk.h" />
    <ClInclude Include="BvShaderResourceSetPoolVk.h" />
    <ClInclude Include="BvLoaderVk.h" />
  </ItemGroup>
</Project>