<?xml version="1.0" encoding="utf-8"?>
<Project ToolsVersion="4.0" xmlns="http://schemas.microsoft.com/developer/msbuild/2003">
  <ItemGroup>
    <ClInclude Include="BvBufferViewVk.h" />
    <ClInclude Include="BvBufferVk.h" />
    <ClInclude Include="BvCommandBufferVk.h" />
    <ClInclude Include="BvCommandContextVk.h" />
    <ClInclude Include="BvCommandPoolVk.h" />
    <ClInclude Include="BvCommandQueueVk.h" />
    <ClInclude Include="BvCommonVk.h" />
    <ClInclude Include="BvDebugReportVk.h" />
    <ClInclude Include="BvDescriptorSetVk.h" />
    <ClInclude Include="BvFramebufferVk.h" />
    <ClInclude Include="BvPipelineStateVk.h" />
    <ClInclude Include="BvQueryVk.h" />
    <ClInclude Include="BvRenderDeviceVk.h" />
    <ClInclude Include="BvRenderEngineVk.h" />
    <ClInclude Include="BvRenderPassVk.h" />
    <ClInclude Include="BvSamplerVk.h" />
    <ClInclude Include="BvShaderResourceVk.h" />
    <ClInclude Include="BvShaderVk.h" />
    <ClInclude Include="BvSwapChainVk.h" />
    <ClInclude Include="BvTextureViewVk.h" />
    <ClInclude Include="BvTextureVk.h" />
    <ClInclude Include="BvTypeConversionsVk.h" />
    <ClInclude Include="BvUtilsVk.h" />
    <ClInclude Include="BvGPUFenceVk.h" />
    <ClInclude Include="BvAccelerationStructureVk.h" />
    <ClInclude Include="BvShaderBindingTableVk.h" />
  </ItemGroup>
  <ItemGroup>
    <ClCompile Include="Windows\BvSwapChainVkWindows.cpp" />
    <ClCompile Include="BvBufferViewVk.cpp" />
    <ClCompile Include="BvBufferVk.cpp" />
    <ClCompile Include="BvCommandBufferVk.cpp" />
    <ClCompile Include="BvCommandContextVk.cpp" />
    <ClCompile Include="BvCommandPoolVk.cpp" />
    <ClCompile Include="BvCommandQueueVk.cpp" />
    <ClCompile Include="BvCommonVk.cpp" />
    <ClCompile Include="BvDebugReportVk.cpp" />
    <ClCompile Include="BvDescriptorSetVk.cpp" />
    <ClCompile Include="BvFramebufferVk.cpp" />
    <ClCompile Include="BvPipelineStateVk.cpp" />
    <ClCompile Include="BvQueryVk.cpp" />
    <ClCompile Include="BvRenderDeviceVk.cpp" />
    <ClCompile Include="BvRenderEngineVk.cpp" />
    <ClCompile Include="BvRenderPassVk.cpp" />
    <ClCompile Include="BvSamplerVk.cpp" />
    <ClCompile Include="BvShaderResourceVk.cpp" />
    <ClCompile Include="BvShaderVk.cpp" />
    <ClCompile Include="BvSwapChainVk.cpp" />
    <ClCompile Include="BvTextureViewVk.cpp" />
    <ClCompile Include="BvTextureVk.cpp" />
    <ClCompile Include="BvTypeConversionsVk.cpp" />
    <ClCompile Include="BvUtilsVk.cpp" />
    <ClCompile Include="BvGPUFenceVk.cpp" />
    <ClCompile Include="BvAccelerationStructureVk.cpp" />
    <ClCompile Include="BvShaderBindingTableVk.cpp" />
    <ClCompile Include="Windows\BvRenderDeviceVkWindows.cpp" />
  </ItemGroup>
  <ItemGroup>
    <None Include="BvRenderVk.def" />
  </ItemGroup>
</Project>