<?xml version="1.0" encoding="utf-8"?>
<Project ToolsVersion="4.0" xmlns="http://schemas.microsoft.com/developer/msbuild/2003">
  <ItemGroup>
    <ClInclude Include="Core\BvCore.h" />
    <ClInclude Include="Core\Utils\BvTask.h" />
    <ClInclude Include="Core\Utils\BvEvent.h" />
    <ClInclude Include="Core\Utils\BvTime.h" />
    <ClInclude Include="Core\Utils\BvUtils.h" />
    <ClInclude Include="Core\Utils\BvHash.h" />
    <ClInclude Include="Core\Container\BvFixedVector.h" />
    <ClInclude Include="Core\Container\BvIterator.h" />
    <ClInclude Include="Core\Container\BvRobinMap.h" />
    <ClInclude Include="Core\Container\BvString.h" />
    <ClInclude Include="Core\Container\BvVector.h" />
    <ClInclude Include="Core\Math\BvMath.h" />
    <ClInclude Include="Core\RenderAPI\BvTextureView.h" />
    <ClInclude Include="Core\RenderAPI\BvBuffer.h" />
    <ClInclude Include="Core\RenderAPI\BvBufferView.h" />
    <ClInclude Include="Core\RenderAPI\BvRenderCommon.h" />
    <ClInclude Include="Core\RenderAPI\BvPipelineState.h" />
    <ClInclude Include="Core\RenderAPI\BvRenderDevice.h" />
    <ClInclude Include="Core\RenderAPI\BvRenderEngine.h" />
    <ClInclude Include="Core\RenderAPI\BvRenderPass.h" />
    <ClInclude Include="Core\RenderAPI\BvSampler.h" />
    <ClInclude Include="Core\RenderAPI\BvShaderResource.h" />
    <ClInclude Include="Core\RenderAPI\BvSwapChain.h" />
    <ClInclude Include="Core\RenderAPI\BvTexture.h" />
    <ClInclude Include="Engine\JobSystem\BvParallelJobSystem.h" />
    <ClInclude Include="Core\Utils\BvRTTI.h" />
    <ClInclude Include="Core\System\File\BvAsyncFile.h" />
    <ClInclude Include="Core\System\File\BvFile.h" />
    <ClInclude Include="Core\System\File\BvFileCommon.h" />
    <ClInclude Include="Core\System\File\BvFileSystem.h" />
    <ClInclude Include="Core\System\File\BvMemoryFile.h" />
    <ClInclude Include="Core\System\File\BvPath.h" />
    <ClInclude Include="Core\System\HID\BvHIDCommon.h" />
    <ClInclude Include="Core\System\HID\BvKeyboard.h" />
    <ClInclude Include="Core\System\HID\BvMouse.h" />
    <ClInclude Include="Core\System\Library\BvSharedLib.h" />
    <ClInclude Include="Core\System\Memory\Allocators\BvFreeListAllocator.h" />
    <ClInclude Include="Core\System\Memory\Allocators\BvLinearAllocator.h" />
    <ClInclude Include="Core\System\Memory\Allocators\BvPoolAllocator.h" />
    <ClInclude Include="Core\System\Memory\Allocators\BvStackAllocator.h" />
    <ClInclude Include="Core\System\Memory\Utilities\BvBoundsChecker.h" />
    <ClInclude Include="Core\System\Memory\Utilities\BvMemoryMarker.h" />
    <ClInclude Include="Core\System\Memory\Utilities\BvMemoryTracker.h" />
    <ClInclude Include="Core\System\Memory\BvMemory.h" />
    <ClInclude Include="Core\System\Application\BvApplication.h" />
    <ClInclude Include="Core\System\Threading\BvFiber.h" />
    <ClInclude Include="Core\System\Process\BvProcess.h" />
    <ClInclude Include="Core\System\Threading\BvSync.h" />
    <ClInclude Include="Core\System\Threading\BvThread.h" />
    <ClInclude Include="Core\System\Window\BvWindow.h" />
    <ClInclude Include="Core\System\Window\BvMonitor.h" />
    <ClInclude Include="Core\Container\BvQueue.h" />
    <ClInclude Include="Core\Utils\BvTestUnit.h" />
    <ClInclude Include="Core\Utils\BvStringId.h" />
    <ClInclude Include="Core\System\Window\BvWindowCommon.h" />
    <ClInclude Include="Core\Container\BvRobinSet.h" />
    <ClInclude Include="Core\Utils\BvColor.h" />
    <ClInclude Include="Core\RenderAPI\BvCommandContext.h" />
    <ClInclude Include="Core\RenderAPI\BvRenderAPIUtils.h" />
    <ClInclude Include="Core\RenderAPI\BvQuery.h" />
    <ClInclude Include="Core\System\Application\BvMessageHandler.h" />
    <ClInclude Include="BDeV.h" />
    <ClInclude Include="Core\System\HID\BvXInput.h" />
    <ClInclude Include="Core\Utils\BvUUID.h" />
    <ClInclude Include="Core\Utils\BvText.h" />
    <ClInclude Include="Core\RenderAPI\BvShader.h" />
    <ClInclude Include="Core\Utils\BvObject.h" />
    <ClInclude Include="Core\RenderAPI\BvShaderCompiler.h" />
    <ClInclude Include="Core\Utils\BvRandom.h" />
    <ClInclude Include="Core\Math\BvGeometryGenerator.h" />
    <ClInclude Include="Core\System\Diagnostics\BvDiagnostics.h" />
    <ClInclude Include="Core\System\BvPlatformHeaders.h" />
    <ClInclude Include="Core\RenderAPI\BvGPUFence.h" />
    <ClInclude Include="Core\RenderAPI\BvTextureLoader.h" />
    <ClInclude Include="Core\RenderAPI\BvAccelerationStructure.h" />
    <ClInclude Include="Core\RenderAPI\BvShaderBindingTable.h" />
    <ClInclude Include="Core\System\Window\Windows\BvWindowWindows.h" />
    <ClInclude Include="Core\System\File\Windows\BvAsyncFileWindows.h" />
    <ClInclude Include="Core\System\Network\BvNetSocket.h" />
    <ClInclude Include="Core\System\Network\BvNetworkCommon.h" />
    <ClInclude Include="Core\System\Network\BvNetAddress.h" />
    <ClInclude Include="Core\System\Network\Windows\BvNetworkWindows.h" />
    <ClInclude Include="Core\Math\DirectXMath\DirectXCollision.h" />
    <ClInclude Include="Core\Math\DirectXMath\DirectXColors.h" />
    <ClInclude Include="Core\Math\DirectXMath\DirectXMath.h" />
    <ClInclude Include="Core\Math\DirectXMath\DirectXPackedVector.h" />
    <ClInclude Include="Core\Math\DirectXMath\sal.h" />
  </ItemGroup>
  <ItemGroup>
    <Natvis Include="BvCore.natvis" />
  </ItemGroup>
  <ItemGroup>
    <ClCompile Include="Core\Utils\BvTime.cpp" />
    <ClCompile Include="Engine\JobSystem\BvParallelJobSystem.cpp" />
    <ClCompile Include="Core\System\File\Windows\BvAsyncFileWindows.cpp" />
    <ClCompile Include="Core\System\File\Windows\BvFileSystemWindows.cpp" />
    <ClCompile Include="Core\System\File\Windows\BvFileWindows.cpp" />
    <ClCompile Include="Core\System\File\Windows\BvPathWindows.cpp" />
    <ClCompile Include="Core\System\File\BvMemoryFile.cpp" />
    <ClCompile Include="Core\System\HID\Windows\BvKeyboardWindows.cpp" />
    <ClCompile Include="Core\System\HID\Windows\BvMouseWindows.cpp" />
    <ClCompile Include="Core\System\HID\BvHIDCommon.cpp" />
    <ClCompile Include="Core\System\Library\Windows\BvSharedLibWindows.cpp" />
    <ClCompile Include="Core\System\Memory\Allocators\BvFreeListAllocator.cpp" />
    <ClCompile Include="Core\System\Memory\Allocators\BvLinearAllocator.cpp" />
    <ClCompile Include="Core\System\Memory\Allocators\BvPoolAllocator.cpp" />
    <ClCompile Include="Core\System\Memory\Allocators\BvStackAllocator.cpp" />
    <ClCompile Include="Core\System\Memory\Utilities\BvBoundsChecker.cpp" />
    <ClCompile Include="Core\System\Memory\Utilities\BvMemoryMarker.cpp" />
    <ClCompile Include="Core\System\Memory\Utilities\BvMemoryTracker.cpp" />
    <ClCompile Include="Core\System\Memory\Windows\BvMemoryWindows.cpp" />
    <ClCompile Include="Core\System\Memory\BvMemory.cpp" />
    <ClCompile Include="Core\System\Application\Windows\BvApplicationWindows.cpp" />
    <ClCompile Include="Core\System\Threading\Windows\BvFiberWindows.cpp" />
    <ClCompile Include="Core\System\Process\Windows\BvProcessWindows.cpp" />
    <ClCompile Include="Core\System\Threading\BvSync.cpp" />
    <ClCompile Include="Core\System\Threading\Windows\BvThreadWindows.cpp" />
    <ClCompile Include="Core\System\Window\Windows\BvWindowWindows.cpp" />
    <ClCompile Include="Core\System\Window\Windows\BvMonitorWindows.cpp" />
    <ClCompile Include="Core\Utils\BvTestUnit.cpp" />
    <ClCompile Include="Core\Utils\BvHash.cpp" />
    <ClCompile Include="Core\Utils\BvStringId.cpp" />
    <ClCompile Include="Core\Utils\BvColor.cpp" />
    <ClCompile Include="Core\RenderAPI\BvRenderAPIUtils.cpp" />
    <ClCompile Include="Core\Utils\BvText.cpp" />
    <ClCompile Include="Core\Math\BvGeometryGenerator.cpp" />
    <ClCompile Include="Core\System\Diagnostics\Windows\BvDiagnosticsWindows.cpp" />
    <ClCompile Include="Core\System\HID\Windows\BvXInputWindows.cpp" />
    <ClCompile Include="Core\System\Diagnostics\BvDiagnostics.cpp" />
    <ClCompile Include="Core\System\Network\BvNetSocket.cpp" />
    <ClCompile Include="Core\System\Network\BvNetAddress.cpp" />
    <ClCompile Include="Core\System\Network\Windows\BvNetworkWindows.cpp" />
  </ItemGroup>
  <ItemGroup>
    <None Include="Core\Math\BvMathVector.inl" />
    <None Include="Core\Math\BvMathLoaders.inl" />
    <None Include="Core\Math\BvMathMatrix.inl" />
    <None Include="Core\Math\BvMathQuaternion.inl" />
    <None Include="Core\Math\DirectXMath\DirectXCollision.inl" />
    <None Include="Core\Math\DirectXMath\DirectXMathConvert.inl" />
    <None Include="Core\Math\DirectXMath\DirectXMathMatrix.inl" />
    <None Include="Core\Math\DirectXMath\DirectXMathMisc.inl" />
    <None Include="Core\Math\DirectXMath\DirectXMathVector.inl" />
    <None Include="Core\Math\DirectXMath\DirectXPackedVector.inl" />
  </ItemGroup>
  <ItemGroup>
    <MASM Include="Core\System\Threading\Windows\BvFiberMASM.asm" />
  </ItemGroup>
</Project>