<?xml version="1.0" encoding="utf-8"?>
<Project ToolsVersion="4.0" xmlns="http://schemas.microsoft.com/developer/msbuild/2003">
  <ItemGroup>
    <ClInclude Include="BvCore.h" />
    <ClInclude Include="System\Debug\BvDebug.h" />
    <ClInclude Include="Utils\BvDelegate.h" />
    <ClInclude Include="Utils\BvEnum.h" />
    <ClInclude Include="Utils\BvEvent.h" />
    <ClInclude Include="Utils\BvTime.h" />
    <ClInclude Include="Utils\BvUtils.h" />
    <ClInclude Include="Utils\BvHash.h" />
    <ClInclude Include="Container\BvFixedVector.h" />
    <ClInclude Include="Container\BvIterator.h" />
    <ClInclude Include="Container\BvRobinMap.h" />
    <ClInclude Include="Container\BvString.h" />
    <ClInclude Include="Container\BvVector.h" />
    <ClInclude Include="Math\BvMathDefs.h" />
    <ClInclude Include="Math\BvFloatTypes.h" />
    <ClInclude Include="Math\BvMath.h" />
    <ClInclude Include="RenderAPI\BvTextureView.h" />
    <ClInclude Include="RenderAPI\BvBuffer.h" />
    <ClInclude Include="RenderAPI\BvBufferView.h" />
    <ClInclude Include="RenderAPI\BvCommandBuffer.h" />
    <ClInclude Include="RenderAPI\BvCommandPool.h" />
    <ClInclude Include="RenderAPI\BvCommandQueue.h" />
    <ClInclude Include="RenderAPI\BvCommon.h" />
    <ClInclude Include="RenderAPI\BvGPUInfo.h" />
    <ClInclude Include="RenderAPI\BvPipelineState.h" />
    <ClInclude Include="RenderAPI\BvRenderDevice.h" />
    <ClInclude Include="RenderAPI\BvRenderEngine.h" />
    <ClInclude Include="RenderAPI\BvRenderPass.h" />
    <ClInclude Include="RenderAPI\BvSampler.h" />
    <ClInclude Include="RenderAPI\BvSemaphore.h" />
    <ClInclude Include="RenderAPI\BvShaderResource.h" />
    <ClInclude Include="RenderAPI\BvSwapChain.h" />
    <ClInclude Include="RenderAPI\BvTexture.h" />
    <ClInclude Include="Engine\JobSystem\BvJobSystem.h" />
    <ClInclude Include="Engine\JobSystem\BvJobSystemTLS.h" />
    <ClInclude Include="Engine\Application\BvApplication.h" />
    <ClInclude Include="Engine\TBJobSystem\BvTBJobSystem.h" />
    <ClInclude Include="Math\Math\BvFastMat.h" />
    <ClInclude Include="Math\Math\BvFastQuat.h" />
    <ClInclude Include="Math\Math\BvFastVec.h" />
    <ClInclude Include="Math\Math\BvLoaders.h" />
    <ClInclude Include="Math\Wrappers\Matrix\BvMat.h" />
    <ClInclude Include="Math\Wrappers\Quaternion\BvQuat.h" />
    <ClInclude Include="Math\Wrappers\Vector\BvVec.h" />
    <ClInclude Include="Reflection\BvObjectInfo.h" />
    <ClInclude Include="Reflection\BvRTTI.h" />
    <ClInclude Include="System\File\BvAsyncFile.h" />
    <ClInclude Include="System\File\BvFile.h" />
    <ClInclude Include="System\File\BvFileCommon.h" />
    <ClInclude Include="System\File\BvFileSystem.h" />
    <ClInclude Include="System\File\BvMemoryFile.h" />
    <ClInclude Include="System\File\BvPath.h" />
    <ClInclude Include="Engine\HID\BvInput.h" />
    <ClInclude Include="System\HID\BvHIDCommon.h" />
    <ClInclude Include="System\HID\BvKeyboard.h" />
    <ClInclude Include="System\HID\BvMouse.h" />
    <ClInclude Include="System\Library\BvSharedLib.h" />
    <ClInclude Include="System\Memory\Allocators\BvHeapAllocator.h" />
    <ClInclude Include="System\Memory\Allocators\BvLinearAllocator.h" />
    <ClInclude Include="System\Memory\Allocators\BvPoolAllocator.h" />
    <ClInclude Include="System\Memory\Allocators\BvStackAllocator.h" />
    <ClInclude Include="System\Memory\Utilities\BvBoundsChecker.h" />
    <ClInclude Include="System\Memory\Utilities\BvMemoryMarker.h" />
    <ClInclude Include="System\Memory\Utilities\BvMemoryTracker.h" />
    <ClInclude Include="System\Memory\BvAlloc.h" />
    <ClInclude Include="System\Memory\BvMemory.h" />
    <ClInclude Include="System\Memory\BvMemoryCommon.h" />
    <ClInclude Include="System\Platform\BvPlatform.h" />
    <ClInclude Include="System\Threading\BvFiber.h" />
    <ClInclude Include="System\Threading\BvProcess.h" />
    <ClInclude Include="System\Threading\BvSync.h" />
    <ClInclude Include="System\Threading\BvThread.h" />
    <ClInclude Include="System\Window\BvWindow.h" />
    <ClInclude Include="System\Window\BvMonitor.h" />
    <ClInclude Include="Container\BvQueue.h" />
    <ClInclude Include="Utils\BvTestUnit.h" />
    <ClInclude Include="Container\BvStringId.h" />
    <ClInclude Include="System\Window\BvWindowCommon.h" />
    <ClInclude Include="Container\BvRobinSet.h" />
    <ClInclude Include="Engine\JobSystem\BvRingBuffer.h" />
    <ClInclude Include="Engine\MemorySystem\BvMemorySystem.h" />
    <ClInclude Include="Engine\JobSystem\BvFBJS.h" />
    <ClInclude Include="RenderAPI\BvColor.h" />
    <ClInclude Include="System\Windows\BvWindowsHeader.h" />
  </ItemGroup>
  <ItemGroup>
    <Natvis Include="BvCore.natvis" />
  </ItemGroup>
  <ItemGroup>
    <ClCompile Include="Utils\BvTime.cpp" />
    <ClCompile Include="Engine\JobSystem\BvJobSystem.cpp" />
    <ClCompile Include="Engine\JobSystem\BvJobSystemTLS.cpp" />
    <ClCompile Include="Engine\Application\BvApplication.cpp" />
    <ClCompile Include="Engine\TBJobSystem\BvTBJobSystem.cpp" />
    <ClCompile Include="System\File\Windows\BvAsyncFileWindows.cpp" />
    <ClCompile Include="System\File\Windows\BvFileSystemWindows.cpp" />
    <ClCompile Include="System\File\Windows\BvFileWindows.cpp" />
    <ClCompile Include="System\File\Windows\BvPathWindows.cpp" />
    <ClCompile Include="System\File\BvMemoryFile.cpp" />
    <ClCompile Include="System\HID\Windows\BvKeyboardWindows.cpp" />
    <ClCompile Include="System\HID\Windows\BvMouseWindows.cpp" />
    <ClCompile Include="System\HID\BvHIDCommon.cpp" />
    <ClCompile Include="System\Library\Windows\BvSharedLibWindows.cpp" />
    <ClCompile Include="System\Memory\Allocators\BvHeapAllocator.cpp" />
    <ClCompile Include="System\Memory\Allocators\BvLinearAllocator.cpp" />
    <ClCompile Include="System\Memory\Allocators\BvPoolAllocator.cpp" />
    <ClCompile Include="System\Memory\Allocators\BvStackAllocator.cpp" />
    <ClCompile Include="System\Memory\Utilities\BvBoundsChecker.cpp" />
    <ClCompile Include="System\Memory\Utilities\BvMemoryMarker.cpp" />
    <ClCompile Include="System\Memory\Utilities\BvMemoryTracker.cpp" />
    <ClCompile Include="System\Memory\Windows\BvAllocWindows.cpp" />
    <ClCompile Include="System\Memory\BvMemory.cpp" />
    <ClCompile Include="System\Platform\Windows\BvPlatformWindows.cpp" />
    <ClCompile Include="System\Threading\Windows\BvFiberWindows.cpp" />
    <ClCompile Include="System\Threading\Windows\BvProcessWindows.cpp" />
    <ClCompile Include="System\Threading\BvSync.cpp" />
    <ClCompile Include="System\Threading\Windows\BvThreadWindows.cpp" />
    <ClCompile Include="System\Window\Windows\BvWindowWindows.cpp" />
    <ClCompile Include="System\Debug\Windows\BvDebugWindows.cpp" />
    <ClCompile Include="System\Window\Windows\BvMonitorWindows.cpp" />
    <ClCompile Include="Utils\BvTestUnit.cpp" />
    <ClCompile Include="Utils\BvHash.cpp" />
    <ClCompile Include="Container\BvStringId.cpp" />
    <ClCompile Include="Engine\MemorySystem\BvMemorySystem.cpp" />
    <ClCompile Include="Engine\JobSystem\BvFBJS.cpp" />
    <ClCompile Include="RenderAPI\BvColor.cpp" />
  </ItemGroup>
  <ItemGroup>
    <None Include="Math\Math\FPU\BvFastMat_FPU.inl" />
    <None Include="Math\Math\FPU\BvFastQuat_FPU.inl" />
    <None Include="Math\Math\FPU\BvFastVec_FPU.inl" />
    <None Include="Math\Math\FPU\BvLoaders_FPU.inl" />
    <None Include="Math\Math\SIMD\BvFastMat_SIMD.inl" />
    <None Include="Math\Math\SIMD\BvFastQuat_SIMD.inl" />
    <None Include="Math\Math\SIMD\BvFastVec_SIMD.inl" />
    <None Include="Math\Math\SIMD\BvLoaders_SIMD.inl" />
    <None Include="Math\Wrappers\Matrix\BvMat.inl" />
    <None Include="Math\Wrappers\Quaternion\BvQuat.inl" />
    <None Include="Math\Wrappers\Vector\BvVec.inl" />
  </ItemGroup>
</Project>