
Microsoft Visual Studio Solution File, Format Version 12.00
# Visual Studio 15
VisualStudioVersion = 15.0.28307.136
MinimumVisualStudioVersion = 10.0.40219.1
Project("{8BC9CEB8-8B4A-11D0-8D11-00A0C91BC942}") = "BvCore", "BvCore\BvCore.vcxproj", "{31BB09A2-E5C6-4862-8EAF-E1A066ABF79C}"
EndProject
Project("{2150E333-8FDC-42A3-9474-1A3956D46DE8}") = "Framework", "Framework", "{6798900F-BE48-4C45-B717-5424E566EBDE}"
EndProject
Project("{8BC9CEB8-8B4A-11D0-8D11-00A0C91BC942}") = "BvMath", "BvMath\BvMath.vcxproj", "{A775675B-A4DE-4714-88D7-8A6D4886DB36}"
EndProject
Project("{2150E333-8FDC-42A3-9474-1A3956D46DE8}") = "Tests", "Tests", "{A05CC045-210C-4430-8F9E-0393F480A80C}"
EndProject
Project("{8BC9CEB8-8B4A-11D0-8D11-00A0C91BC942}") = "CoreTests", "TestProjects\CoreTests\CoreTests.vcxproj", "{0BB739ED-8DD5-41E0-A2A1-D92ED244A8A0}"
	ProjectSection(ProjectDependencies) = postProject
		{C31C531A-3052-4977-8CBD-8676CF6C5411} = {C31C531A-3052-4977-8CBD-8676CF6C5411}
		{31BB09A2-E5C6-4862-8EAF-E1A066ABF79C} = {31BB09A2-E5C6-4862-8EAF-E1A066ABF79C}
	EndProjectSection
EndProject
Project("{8BC9CEB8-8B4A-11D0-8D11-00A0C91BC942}") = "BvRender", "BvRender\BvRender.vcxproj", "{C31C531A-3052-4977-8CBD-8676CF6C5411}"
	ProjectSection(ProjectDependencies) = postProject
		{31BB09A2-E5C6-4862-8EAF-E1A066ABF79C} = {31BB09A2-E5C6-4862-8EAF-E1A066ABF79C}
	EndProjectSection
EndProject
Project("{2150E333-8FDC-42A3-9474-1A3956D46DE8}") = "Solution Items", "Solution Items", "{191D5239-A9D6-411E-9FCF-4CC81CDB2991}"
	ProjectSection(SolutionItems) = preProject
		cpp.hint = cpp.hint
	EndProjectSection
EndProject
Global
	GlobalSection(SolutionConfigurationPlatforms) = preSolution
		Debug|x64 = Debug|x64
		Release|x64 = Release|x64
	EndGlobalSection
	GlobalSection(ProjectConfigurationPlatforms) = postSolution
		{31BB09A2-E5C6-4862-8EAF-E1A066ABF79C}.Debug|x64.ActiveCfg = Debug|x64
		{31BB09A2-E5C6-4862-8EAF-E1A066ABF79C}.Debug|x64.Build.0 = Debug|x64
		{31BB09A2-E5C6-4862-8EAF-E1A066ABF79C}.Release|x64.ActiveCfg = Release|x64
		{31BB09A2-E5C6-4862-8EAF-E1A066ABF79C}.Release|x64.Build.0 = Release|x64
		{A775675B-A4DE-4714-88D7-8A6D4886DB36}.Debug|x64.ActiveCfg = Debug|x64
		{A775675B-A4DE-4714-88D7-8A6D4886DB36}.Debug|x64.Build.0 = Debug|x64
		{A775675B-A4DE-4714-88D7-8A6D4886DB36}.Release|x64.ActiveCfg = Release|x64
		{A775675B-A4DE-4714-88D7-8A6D4886DB36}.Release|x64.Build.0 = Release|x64
		{0BB739ED-8DD5-41E0-A2A1-D92ED244A8A0}.Debug|x64.ActiveCfg = Debug|x64
		{0BB739ED-8DD5-41E0-A2A1-D92ED244A8A0}.Debug|x64.Build.0 = Debug|x64
		{0BB739ED-8DD5-41E0-A2A1-D92ED244A8A0}.Release|x64.ActiveCfg = Release|x64
		{0BB739ED-8DD5-41E0-A2A1-D92ED244A8A0}.Release|x64.Build.0 = Release|x64
		{C31C531A-3052-4977-8CBD-8676CF6C5411}.Debug|x64.ActiveCfg = Debug|x64
		{C31C531A-3052-4977-8CBD-8676CF6C5411}.Debug|x64.Build.0 = Debug|x64
		{C31C531A-3052-4977-8CBD-8676CF6C5411}.Release|x64.ActiveCfg = Release|x64
		{C31C531A-3052-4977-8CBD-8676CF6C5411}.Release|x64.Build.0 = Release|x64
	EndGlobalSection
	GlobalSection(SolutionProperties) = preSolution
		HideSolutionNode = FALSE
	EndGlobalSection
	GlobalSection(NestedProjects) = preSolution
		{31BB09A2-E5C6-4862-8EAF-E1A066ABF79C} = {6798900F-BE48-4C45-B717-5424E566EBDE}
		{A775675B-A4DE-4714-88D7-8A6D4886DB36} = {6798900F-BE48-4C45-B717-5424E566EBDE}
		{0BB739ED-8DD5-41E0-A2A1-D92ED244A8A0} = {A05CC045-210C-4430-8F9E-0393F480A80C}
		{C31C531A-3052-4977-8CBD-8676CF6C5411} = {6798900F-BE48-4C45-B717-5424E566EBDE}
	EndGlobalSection
	GlobalSection(ExtensibilityGlobals) = postSolution
		SolutionGuid = {69D55C40-A5FD-4B8A-BEFC-CA9AFEEB1440}
	EndGlobalSection
EndGlobal
