<?xml version="1.0" encoding="utf-8"?>
<Project ToolsVersion="4.0" xmlns="http://schemas.microsoft.com/developer/msbuild/2003">
  <ItemGroup>
    <ClInclude Include="BvRenderEngineGl.h" />
    <ClInclude Include="BvContextGl.h" />
    <ClInclude Include="BvCommonGl.h" />
    <ClInclude Include="BvRenderDeviceGl.h" />
    <ClInclude Include="BvSwapChainGl.h" />
    <ClInclude Include="BvBufferGl.h" />
    <ClInclude Include="BvTypeConversionsGl.h" />
    <ClInclude Include="BvBufferViewGl.h" />
    <ClInclude Include="BvTextureGl.h" />
    <ClInclude Include="BvTextureViewGl.h" />
    <ClInclude Include="BvSamplerGl.h" />
    <ClInclude Include="BvCommandQueueGl.h" />
    <ClInclude Include="BvCommandPoolGl.h" />
    <ClInclude Include="BvCommandBufferGl.h" />
    <ClInclude Include="BvPipelineStateGl.h" />
    <ClInclude Include="BvRenderPassGl.h" />
    <ClInclude Include="BvShaderResourceSetPoolGl.h" />
    <ClInclude Include="BvShaderResourceGl.h" />
    <ClInclude Include="BvDebugReportGl.h" />
    <ClInclude Include="BvSemaphoreGl.h" />
    <ClInclude Include="BvGPUInfoGl.h" />
    <ClInclude Include="BvFramebufferGl.h" />
    <ClInclude Include="BvVertexArrayObjectGl.h" />
    <ClInclude Include="BvRenderContextStateGl.h" />
    <ClInclude Include="Third Party\GL\glew.h" />
    <ClInclude Include="Third Party\GL\wglew.h" />
  </ItemGroup>
  <ItemGroup>
    <ClCompile Include="BvRenderEngineGl.cpp" />
    <ClCompile Include="Windows\BvContextGlWindows.cpp" />
    <ClCompile Include="BvRenderDeviceGl.cpp" />
    <ClCompile Include="BvSwapChainGl.cpp" />
    <ClCompile Include="BvBufferGl.cpp" />
    <ClCompile Include="BvTypeConversionsGl.cpp" />
    <ClCompile Include="BvBufferViewGl.cpp" />
    <ClCompile Include="BvTextureGl.cpp" />
    <ClCompile Include="BvTextureViewGl.cpp" />
    <ClCompile Include="BvSamplerGl.cpp" />
    <ClCompile Include="BvCommandQueueGl.cpp" />
    <ClCompile Include="BvCommandPoolGl.cpp" />
    <ClCompile Include="BvCommandBufferGl.cpp" />
    <ClCompile Include="BvPipelineStateGl.cpp" />
    <ClCompile Include="BvRenderPassGl.cpp" />
    <ClCompile Include="BvShaderResourceSetPoolGl.cpp" />
    <ClCompile Include="BvShaderResourceGl.cpp" />
    <ClCompile Include="BvDebugReportGl.cpp" />
    <ClCompile Include="BvSemaphoreGl.cpp" />
    <ClCompile Include="BvFramebufferGl.cpp" />
    <ClCompile Include="BvVertexArrayObjectGl.cpp" />
    <ClCompile Include="BvRenderContextStateGl.cpp" />
    <ClCompile Include="Third Party\GL\glew.c" />
    <ClCompile Include="Third Party\GL\glewinfo.c" />
    <ClCompile Include="Third Party\GL\visualinfo.c" />
  </ItemGroup>
</Project>