<?xml version="1.0" encoding="utf-8"?>
<Project ToolsVersion="4.0" xmlns="http://schemas.microsoft.com/developer/msbuild/2003">
  <ItemGroup>
    <ClInclude Include="Renderer\WolfRendererCommon.h" />
    <ClInclude Include="Game\FPSCounter.h" />
    <ClInclude Include="Renderer\WolfUIOverlay.h" />
    <ClInclude Include="Renderer\WolfRenderer.h" />
    <ClInclude Include="Renderer\Third Party\imconfig.h" />
    <ClInclude Include="Renderer\Third Party\imgui.h" />
    <ClInclude Include="Renderer\Third Party\imgui_internal.h" />
    <ClInclude Include="Renderer\Third Party\imstb_rectpack.h" />
    <ClInclude Include="Renderer\Third Party\imstb_textedit.h" />
    <ClInclude Include="Renderer\Third Party\imstb_truetype.h" />
    <ClInclude Include="Game\WolfGame.h" />
    <ClInclude Include="Renderer\Shaders\2DPrimColor.h" />
    <ClInclude Include="Game\WolfWorld.h" />
    <ClInclude Include="Game\WolfResource.h" />
    <ClInclude Include="Utils\GFXV_WL6.h" />
    <ClInclude Include="Utils\ID_MM.h" />
    <ClInclude Include="Utils\ID_VH.h" />
    <ClInclude Include="Utils\WolfCommon.h" />
    <ClInclude Include="Game\WolfPhase.h" />
  </ItemGroup>
  <ItemGroup>
    <ClCompile Include="Renderer\WolfUIOverlay.cpp" />
    <ClCompile Include="WolfMain.cpp" />
    <ClCompile Include="Renderer\WolfRenderer.cpp" />
    <ClCompile Include="Renderer\Third Party\imgui.cpp" />
    <ClCompile Include="Renderer\Third Party\imgui_demo.cpp" />
    <ClCompile Include="Renderer\Third Party\imgui_draw.cpp" />
    <ClCompile Include="Renderer\Third Party\imgui_tables.cpp" />
    <ClCompile Include="Renderer\Third Party\imgui_widgets.cpp" />
    <ClCompile Include="Game\WolfGame.cpp" />
    <ClCompile Include="Game\WolfWorld.cpp" />
    <ClCompile Include="Renderer\Shaders\2DPrimTexture.h" />
    <ClCompile Include="Game\WolfResource.cpp" />
    <ClCompile Include="Game\WolfPhase.cpp" />
  </ItemGroup>
</Project>