<?xml version="1.0" encoding="utf-8"?>
<Project ToolsVersion="4.0" xmlns="http://schemas.microsoft.com/developer/msbuild/2003">
  <ItemGroup>
    <None Include="BvRenderD3D12.def" />
  </ItemGroup>
  <ItemGroup>
    <ClInclude Include="BvCommonD3D12.h" />
    <ClInclude Include="BvBufferD3D12.h" />
    <ClInclude Include="BvGPUFenceD3D12.h" />
    <ClInclude Include="BvRenderDeviceD3D12.h" />
    <ClInclude Include="BvRenderEngineD3D12.h" />
    <ClInclude Include="BvTypeConversionsD3D12.h" />
    <ClInclude Include="Third Party\D3D12MemAlloc.h" />
    <ClInclude Include="BvTextureD3D12.h" />
    <ClInclude Include="BvBufferViewD3D12.h" />
    <ClInclude Include="BvShaderResourceLayoutD3D12.h" />
    <ClInclude Include="BvPipelineStateD3D12.h" />
    <ClInclude Include="BvRenderPassD3D12.h" />
    <ClInclude Include="BvSamplerD3D12.h" />
    <ClInclude Include="BvShaderD3D12.h" />
    <ClInclude Include="BvSwapChainD3D12.h" />
    <ClInclude Include="BvTextureViewD3D12.h" />
    <ClInclude Include="BvCommandContextD3D12.h" />
  </ItemGroup>
  <ItemGroup>
    <ClCompile Include="BvCommonD3D12.cpp" />
    <ClCompile Include="BvBufferD3D12.cpp" />
    <ClCompile Include="BvGPUFenceD3D12.cpp" />
    <ClCompile Include="BvRenderDeviceD3D12.cpp" />
    <ClCompile Include="BvRenderEngineD3D12.cpp" />
    <ClCompile Include="BvTypeConversionsD3D12.cpp" />
    <ClCompile Include="Third Party\D3D12MemAlloc.cpp" />
    <ClCompile Include="BvTextureD3D12.cpp" />
    <ClCompile Include="BvBufferViewD3D12.cpp" />
    <ClCompile Include="BvShaderResourceLayoutD3D12.cpp" />
    <ClCompile Include="BvPipelineStateD3D12.cpp" />
    <ClCompile Include="BvRenderPassD3D12.cpp" />
    <ClCompile Include="BvSamplerD3D12.cpp" />
    <ClCompile Include="BvShaderD3D12.cpp" />
    <ClCompile Include="BvSwapChainD3D12.cpp" />
    <ClCompile Include="BvTextureViewD3D12.cpp" />
    <ClCompile Include="BvCommandContextD3D12.cpp" />
  </ItemGroup>
</Project>